// !$*UTF8*$!
{
	archiveVersion = 1;
	classes = {
	};
	objectVersion = 50;
	objects = {

/* Begin PBXBuildFile section */
		6F738B7713350D884A1BAA34 /* Pods_schetto.framework in Frameworks */ = {isa = PBXBuildFile; fileRef = 2DE5F7143E55700D3F4D293C /* Pods_schetto.framework */; };
		DB0455E7218767FD003902B8 /* Button.swift in Sources */ = {isa = PBXBuildFile; fileRef = DB0455E6218767FD003902B8 /* Button.swift */; };
		DB0455E921876B9A003902B8 /* Color+Definition.swift in Sources */ = {isa = PBXBuildFile; fileRef = DB0455E821876B9A003902B8 /* Color+Definition.swift */; };
		DB154CAC2189E6570092791F /* DrawerMenuItem.swift in Sources */ = {isa = PBXBuildFile; fileRef = DB154CAB2189E6560092791F /* DrawerMenuItem.swift */; };
		DB22840621876E09008F00F6 /* Font+Definition.swift in Sources */ = {isa = PBXBuildFile; fileRef = DB22840521876E09008F00F6 /* Font+Definition.swift */; };
		DB22840821876FA8008F00F6 /* UIControl+App.swift in Sources */ = {isa = PBXBuildFile; fileRef = DB22840721876FA8008F00F6 /* UIControl+App.swift */; };
		DB22841521888D6D008F00F6 /* MainViewController.swift in Sources */ = {isa = PBXBuildFile; fileRef = DB22840B21888D6D008F00F6 /* MainViewController.swift */; };
		DB22841621888D6D008F00F6 /* MainPresenter.swift in Sources */ = {isa = PBXBuildFile; fileRef = DB22840C21888D6D008F00F6 /* MainPresenter.swift */; };
		DB22841721888D6D008F00F6 /* Main.storyboard in Resources */ = {isa = PBXBuildFile; fileRef = DB22840D21888D6D008F00F6 /* Main.storyboard */; };
		DB22841821888D6D008F00F6 /* MainRepository.swift in Sources */ = {isa = PBXBuildFile; fileRef = DB22840E21888D6D008F00F6 /* MainRepository.swift */; };
		DB22841921888D6D008F00F6 /* MainAdapter.swift in Sources */ = {isa = PBXBuildFile; fileRef = DB22840F21888D6D008F00F6 /* MainAdapter.swift */; };
		DB22841D21888D6D008F00F6 /* MainCell.swift in Sources */ = {isa = PBXBuildFile; fileRef = DB22841321888D6D008F00F6 /* MainCell.swift */; };
		DB22841F2188C288008F00F6 /* CoreGraphics+Dimension.swift in Sources */ = {isa = PBXBuildFile; fileRef = DB22841E2188C288008F00F6 /* CoreGraphics+Dimension.swift */; };
		DB22842E2188CD47008F00F6 /* DrawerMenuCell.swift in Sources */ = {isa = PBXBuildFile; fileRef = DB2284242188CD47008F00F6 /* DrawerMenuCell.swift */; };
		DB2284302188CD47008F00F6 /* DrawerMenuAdapter.swift in Sources */ = {isa = PBXBuildFile; fileRef = DB2284262188CD47008F00F6 /* DrawerMenuAdapter.swift */; };
		DB2284312188CD47008F00F6 /* DrawerMenu.storyboard in Resources */ = {isa = PBXBuildFile; fileRef = DB2284272188CD47008F00F6 /* DrawerMenu.storyboard */; };
		DB2284322188CD47008F00F6 /* DrawerMenuViewController.swift in Sources */ = {isa = PBXBuildFile; fileRef = DB2284282188CD47008F00F6 /* DrawerMenuViewController.swift */; };
		DB780DC0217E0E0E00E0F1D0 /* DateTests.swift in Sources */ = {isa = PBXBuildFile; fileRef = DB780DBF217E0E0E00E0F1D0 /* DateTests.swift */; };
		DB7A7B75217F8BFB0070EAEF /* AlertHelper.swift in Sources */ = {isa = PBXBuildFile; fileRef = DB7A7B74217F8BFB0070EAEF /* AlertHelper.swift */; };
		DB7AD9EF217F60DE001243C3 /* FileTests.swift in Sources */ = {isa = PBXBuildFile; fileRef = DB7AD9EE217F60DD001243C3 /* FileTests.swift */; };
		DBB52A4D21761968009C5097 /* UIColor+App.swift in Sources */ = {isa = PBXBuildFile; fileRef = DBB52A4221761968009C5097 /* UIColor+App.swift */; };
		DBB52A4E21761968009C5097 /* UIView+App.swift in Sources */ = {isa = PBXBuildFile; fileRef = DBB52A4321761968009C5097 /* UIView+App.swift */; };
		DBB52A5021761968009C5097 /* Array+App.swift in Sources */ = {isa = PBXBuildFile; fileRef = DBB52A4521761968009C5097 /* Array+App.swift */; };
		DBB52A5121761968009C5097 /* UIImage+App.swift in Sources */ = {isa = PBXBuildFile; fileRef = DBB52A4621761968009C5097 /* UIImage+App.swift */; };
		DBB52A5221761968009C5097 /* Date+App.swift in Sources */ = {isa = PBXBuildFile; fileRef = DBB52A4721761968009C5097 /* Date+App.swift */; };
		DBB52A5321761968009C5097 /* CoreGraphics+App.swift in Sources */ = {isa = PBXBuildFile; fileRef = DBB52A4821761968009C5097 /* CoreGraphics+App.swift */; };
		DBB52A5421761968009C5097 /* Directory+App.swift in Sources */ = {isa = PBXBuildFile; fileRef = DBB52A4921761968009C5097 /* Directory+App.swift */; };
		DBB52A5521761968009C5097 /* String+App.swift in Sources */ = {isa = PBXBuildFile; fileRef = DBB52A4A21761968009C5097 /* String+App.swift */; };
		DBB52A5621761968009C5097 /* Notification+App.swift in Sources */ = {isa = PBXBuildFile; fileRef = DBB52A4B21761968009C5097 /* Notification+App.swift */; };
		DBB52A5721761968009C5097 /* Number+App.swift in Sources */ = {isa = PBXBuildFile; fileRef = DBB52A4C21761968009C5097 /* Number+App.swift */; };
		DBB52A5921761C1D009C5097 /* ArrayExtensionTests.swift in Sources */ = {isa = PBXBuildFile; fileRef = DBB52A5821761C1D009C5097 /* ArrayExtensionTests.swift */; };
		DBB52A5B2176379B009C5097 /* NumberExtensionTests.swift in Sources */ = {isa = PBXBuildFile; fileRef = DBB52A5A2176379B009C5097 /* NumberExtensionTests.swift */; };
		DBB52A5D217647FE009C5097 /* CoreGraphicsExtensionTests.swift in Sources */ = {isa = PBXBuildFile; fileRef = DBB52A5C217647FE009C5097 /* CoreGraphicsExtensionTests.swift */; };
		DBC0E1472184A5ED00E26514 /* UnhighlightCell.swift in Sources */ = {isa = PBXBuildFile; fileRef = DBC0E1462184A5ED00E26514 /* UnhighlightCell.swift */; };
		DBD2573A2184D2CC0007AC44 /* UIApplication+App.swift in Sources */ = {isa = PBXBuildFile; fileRef = DBD257392184D2CC0007AC44 /* UIApplication+App.swift */; };
		DBD2573C2184D7300007AC44 /* Timer.swift in Sources */ = {isa = PBXBuildFile; fileRef = DBD2573B2184D7300007AC44 /* Timer.swift */; };
		DFDEB38864CC84733C03D277 /* Pods_schettoTests.framework in Frameworks */ = {isa = PBXBuildFile; fileRef = 9FA7AFAEAFB6AC132A3F1A7D /* Pods_schettoTests.framework */; };
		E4204019217F2DDD0036DAE0 /* Dialog.swift in Sources */ = {isa = PBXBuildFile; fileRef = E4204015217F2DDD0036DAE0 /* Dialog.swift */; };
		E420401A217F2DDD0036DAE0 /* DialogRightDrawBehavior.swift in Sources */ = {isa = PBXBuildFile; fileRef = E4204017217F2DDD0036DAE0 /* DialogRightDrawBehavior.swift */; };
		E420401B217F2DDD0036DAE0 /* DialogRiseupBehavior.swift in Sources */ = {isa = PBXBuildFile; fileRef = E4204018217F2DDD0036DAE0 /* DialogRiseupBehavior.swift */; };
		E420401D217F31230036DAE0 /* File.swift in Sources */ = {isa = PBXBuildFile; fileRef = E420401C217F31230036DAE0 /* File.swift */; };
		E42F69642189A32B00426E3C /* CalendarSettingTranslator.swift in Sources */ = {isa = PBXBuildFile; fileRef = E42F69632189A32B00426E3C /* CalendarSettingTranslator.swift */; };
		E42F69662189A3EA00426E3C /* CalendarThemeModel.swift in Sources */ = {isa = PBXBuildFile; fileRef = E42F69652189A3EA00426E3C /* CalendarThemeModel.swift */; };
		E42F69682189A80300426E3C /* Detranslator.swift in Sources */ = {isa = PBXBuildFile; fileRef = E42F69672189A80300426E3C /* Detranslator.swift */; };
		E42F696B2189B99C00426E3C /* default_calendar_setting.json in Resources */ = {isa = PBXBuildFile; fileRef = E42F696A2189B99C00426E3C /* default_calendar_setting.json */; };
		E43EFDA92178869800EBDEED /* StringSubstringTests.swift in Sources */ = {isa = PBXBuildFile; fileRef = E43EFDA82178869700EBDEED /* StringSubstringTests.swift */; };
		E4456DC121894D5A00C13172 /* Json.swift in Sources */ = {isa = PBXBuildFile; fileRef = E4456DC021894D5A00C13172 /* Json.swift */; };
		E4456DC321894DDB00C13172 /* File+Definition.swift in Sources */ = {isa = PBXBuildFile; fileRef = E4456DC221894DDB00C13172 /* File+Definition.swift */; };
		E4456DC821895FCC00C13172 /* CalendarSettingModel.swift in Sources */ = {isa = PBXBuildFile; fileRef = E4456DC621895FCC00C13172 /* CalendarSettingModel.swift */; };
		E4456DCB2189601300C13172 /* CalendarSetting.swift in Sources */ = {isa = PBXBuildFile; fileRef = E4456DCA2189601300C13172 /* CalendarSetting.swift */; };
		E4456DCD2189603D00C13172 /* AppConfig.swift in Sources */ = {isa = PBXBuildFile; fileRef = E4456DCC2189603D00C13172 /* AppConfig.swift */; };
		E47278BE21780F5C003DA88E /* Notifiable.swift in Sources */ = {isa = PBXBuildFile; fileRef = E47278BD21780F5C003DA88E /* Notifiable.swift */; };
		E477351421780C8F00DE3AA7 /* KeyboardManager.swift in Sources */ = {isa = PBXBuildFile; fileRef = E477351321780C8F00DE3AA7 /* KeyboardManager.swift */; };
		E48E5E49217FF5BB0072C22F /* ClearButton.swift in Sources */ = {isa = PBXBuildFile; fileRef = E48E5E48217FF5BB0072C22F /* ClearButton.swift */; };
		E493B1CB217593F90017F931 /* Assets.xcassets in Resources */ = {isa = PBXBuildFile; fileRef = E493B1CA217593F90017F931 /* Assets.xcassets */; };
		E493B1CE217593F90017F931 /* LaunchScreen.storyboard in Resources */ = {isa = PBXBuildFile; fileRef = E493B1CC217593F90017F931 /* LaunchScreen.storyboard */; };
		E493B1E6217595370017F931 /* AppDelegate.swift in Sources */ = {isa = PBXBuildFile; fileRef = E493B1E5217595370017F931 /* AppDelegate.swift */; };
		E493B1FF217599810017F931 /* CalendarView.swift in Sources */ = {isa = PBXBuildFile; fileRef = E493B1FE217599810017F931 /* CalendarView.swift */; };
		E493B204217599900017F931 /* Translator.swift in Sources */ = {isa = PBXBuildFile; fileRef = E493B201217599900017F931 /* Translator.swift */; };
		E493B20B2176BD360017F931 /* BootstrapViewController.swift in Sources */ = {isa = PBXBuildFile; fileRef = E493B2092176BD360017F931 /* BootstrapViewController.swift */; };
		E493B20C2176BD360017F931 /* Bootstrap.storyboard in Resources */ = {isa = PBXBuildFile; fileRef = E493B20A2176BD360017F931 /* Bootstrap.storyboard */; };
		E493B20F2176BF190017F931 /* Builder.swift in Sources */ = {isa = PBXBuildFile; fileRef = E493B20D2176BF180017F931 /* Builder.swift */; };
		E493B2102176BF190017F931 /* Wireframe.swift in Sources */ = {isa = PBXBuildFile; fileRef = E493B20E2176BF190017F931 /* Wireframe.swift */; };
		E493B2132176BF890017F931 /* WireframeHelper.swift in Sources */ = {isa = PBXBuildFile; fileRef = E493B2122176BF890017F931 /* WireframeHelper.swift */; };
		E495077C2181BE0500583C06 /* UITextField+App.swift in Sources */ = {isa = PBXBuildFile; fileRef = E495077B2181BE0500583C06 /* UITextField+App.swift */; };
		E495077E2181C38D00583C06 /* TextFieldManager.swift in Sources */ = {isa = PBXBuildFile; fileRef = E495077D2181C38D00583C06 /* TextFieldManager.swift */; };
		E4959D68218368B3008778F1 /* NSPredicate+Realm.swift in Sources */ = {isa = PBXBuildFile; fileRef = E4959D5F218368B2008778F1 /* NSPredicate+Realm.swift */; };
		E4959D69218368B3008778F1 /* WebApiAccessor.swift in Sources */ = {isa = PBXBuildFile; fileRef = E4959D61218368B2008778F1 /* WebApiAccessor.swift */; };
		E4959D6A218368B3008778F1 /* WebApiResponse.swift in Sources */ = {isa = PBXBuildFile; fileRef = E4959D62218368B2008778F1 /* WebApiResponse.swift */; };
		E4959D6C218368B3008778F1 /* WebApiRequest.swift in Sources */ = {isa = PBXBuildFile; fileRef = E4959D65218368B2008778F1 /* WebApiRequest.swift */; };
		E4959D6D218368B3008778F1 /* WebApiRequestMethod.swift in Sources */ = {isa = PBXBuildFile; fileRef = E4959D66218368B2008778F1 /* WebApiRequestMethod.swift */; };
		E4959D6E218368B3008778F1 /* WebApiError.swift in Sources */ = {isa = PBXBuildFile; fileRef = E4959D67218368B2008778F1 /* WebApiError.swift */; };
		E4959D7221848299008778F1 /* RealmIdentifiedObject.swift in Sources */ = {isa = PBXBuildFile; fileRef = E4959D6F21848299008778F1 /* RealmIdentifiedObject.swift */; };
		E4959D7321848299008778F1 /* RealmSwift+App.swift in Sources */ = {isa = PBXBuildFile; fileRef = E4959D7021848299008778F1 /* RealmSwift+App.swift */; };
		E4959D7421848299008778F1 /* Realm.swift in Sources */ = {isa = PBXBuildFile; fileRef = E4959D7121848299008778F1 /* Realm.swift */; };
		E4959E3821869B6D008778F1 /* LaunchPresenter.swift in Sources */ = {isa = PBXBuildFile; fileRef = E4959E3021869B6D008778F1 /* LaunchPresenter.swift */; };
		E4959E3A21869B6D008778F1 /* LaunchRepository.swift in Sources */ = {isa = PBXBuildFile; fileRef = E4959E3221869B6D008778F1 /* LaunchRepository.swift */; };
		E4959E3C21869B6D008778F1 /* Launch.storyboard in Resources */ = {isa = PBXBuildFile; fileRef = E4959E3421869B6D008778F1 /* Launch.storyboard */; };
		E4959E3E21869B6D008778F1 /* LaunchViewController.swift in Sources */ = {isa = PBXBuildFile; fileRef = E4959E3621869B6D008778F1 /* LaunchViewController.swift */; };
		E4959E4C2186E1E9008778F1 /* TutorialViewController.swift in Sources */ = {isa = PBXBuildFile; fileRef = E4959E442186E1E9008778F1 /* TutorialViewController.swift */; };
		E4959E4E2186E1E9008778F1 /* Tutorial.storyboard in Resources */ = {isa = PBXBuildFile; fileRef = E4959E462186E1E9008778F1 /* Tutorial.storyboard */; };
		E4959E5621870C93008778F1 /* TutorialAdapter.swift in Sources */ = {isa = PBXBuildFile; fileRef = E4959E5421870C93008778F1 /* TutorialAdapter.swift */; };
		E4959E5721870C93008778F1 /* TutorialCell.swift in Sources */ = {isa = PBXBuildFile; fileRef = E4959E5521870C93008778F1 /* TutorialCell.swift */; };
		E4959E6521874A80008778F1 /* TermsViewController.swift in Sources */ = {isa = PBXBuildFile; fileRef = E4959E5D21874A80008778F1 /* TermsViewController.swift */; };
		E4959E6621874A80008778F1 /* Terms.storyboard in Resources */ = {isa = PBXBuildFile; fileRef = E4959E5E21874A80008778F1 /* Terms.storyboard */; };
		E4959E6821874A80008778F1 /* TermsPresenter.swift in Sources */ = {isa = PBXBuildFile; fileRef = E4959E6021874A80008778F1 /* TermsPresenter.swift */; };
		E4A6D62A217D89A600036D27 /* Anchorable.swift in Sources */ = {isa = PBXBuildFile; fileRef = E4A6D629217D89A600036D27 /* Anchorable.swift */; };
		E4A6D62F217D8A6500036D27 /* TestViewController.swift in Sources */ = {isa = PBXBuildFile; fileRef = E4A6D62C217D8A6500036D27 /* TestViewController.swift */; };
		E4A6D630217D8A6500036D27 /* Test.storyboard in Resources */ = {isa = PBXBuildFile; fileRef = E4A6D62D217D8A6500036D27 /* Test.storyboard */; };
		E4BF1A8521802D2F00AFBAB8 /* ApplicationLifeCycle.swift in Sources */ = {isa = PBXBuildFile; fileRef = E4BF1A8421802D2F00AFBAB8 /* ApplicationLifeCycle.swift */; };
		E4BF1A872180361700AFBAB8 /* Application.swift in Sources */ = {isa = PBXBuildFile; fileRef = E4BF1A862180361700AFBAB8 /* Application.swift */; };
		E4BF1A892180445700AFBAB8 /* main.swift in Sources */ = {isa = PBXBuildFile; fileRef = E4BF1A882180445700AFBAB8 /* main.swift */; };
		E4BF1A8B2180685E00AFBAB8 /* PushNotification.swift in Sources */ = {isa = PBXBuildFile; fileRef = E4BF1A8A2180685E00AFBAB8 /* PushNotification.swift */; };
		E4BF1A8E2180C2A200AFBAB8 /* IndexPath+App.swift in Sources */ = {isa = PBXBuildFile; fileRef = E4BF1A8D2180C2A200AFBAB8 /* IndexPath+App.swift */; };
		E4BF1A902180C3CB00AFBAB8 /* Configurable.swift in Sources */ = {isa = PBXBuildFile; fileRef = E4BF1A8F2180C3CB00AFBAB8 /* Configurable.swift */; };
		E4DC8DC52176D8AD00958641 /* UIColorExtensionTests.swift in Sources */ = {isa = PBXBuildFile; fileRef = E4DC8DC42176D8AD00958641 /* UIColorExtensionTests.swift */; };
		E4DC8DC72176E2F100958641 /* Codable+App.swift in Sources */ = {isa = PBXBuildFile; fileRef = E4DC8DC62176E2F100958641 /* Codable+App.swift */; };
		E4DC8DCB2176EC3400958641 /* StringExtensionTests.swift in Sources */ = {isa = PBXBuildFile; fileRef = E4DC8DCA2176EC3400958641 /* StringExtensionTests.swift */; };
		E4DCFBD7218BD12E0091B016 /* DBCalendar.swift in Sources */ = {isa = PBXBuildFile; fileRef = E4DCFBD5218BD12E0091B016 /* DBCalendar.swift */; };
		E4DCFBD8218BD12E0091B016 /* DBEvent.swift in Sources */ = {isa = PBXBuildFile; fileRef = E4DCFBD6218BD12E0091B016 /* DBEvent.swift */; };
		E4DCFBE0218BD42B0091B016 /* DBDiary.swift in Sources */ = {isa = PBXBuildFile; fileRef = E4DCFBD9218BD42B0091B016 /* DBDiary.swift */; };
		E4DCFBE1218BD42B0091B016 /* DBStickerGroup.swift in Sources */ = {isa = PBXBuildFile; fileRef = E4DCFBDA218BD42B0091B016 /* DBStickerGroup.swift */; };
		E4DCFBE2218BD42B0091B016 /* DBAsset.swift in Sources */ = {isa = PBXBuildFile; fileRef = E4DCFBDB218BD42B0091B016 /* DBAsset.swift */; };
		E4DCFBE3218BD42B0091B016 /* DBTemplate.swift in Sources */ = {isa = PBXBuildFile; fileRef = E4DCFBDC218BD42B0091B016 /* DBTemplate.swift */; };
		E4DCFBE4218BD42B0091B016 /* DBDay.swift in Sources */ = {isa = PBXBuildFile; fileRef = E4DCFBDD218BD42B0091B016 /* DBDay.swift */; };
		E4DCFBE5218BD42B0091B016 /* DBSticker.swift in Sources */ = {isa = PBXBuildFile; fileRef = E4DCFBDE218BD42B0091B016 /* DBSticker.swift */; };
		E4DCFBE6218BD42B0091B016 /* DBTodo.swift in Sources */ = {isa = PBXBuildFile; fileRef = E4DCFBDF218BD42B0091B016 /* DBTodo.swift */; };
		E4DCFBE8218C1B0E0091B016 /* TodoTranslator.swift in Sources */ = {isa = PBXBuildFile; fileRef = E4DCFBE7218C1B0D0091B016 /* TodoTranslator.swift */; };
		E4DCFBEA218C1B360091B016 /* CalendarModel.swift in Sources */ = {isa = PBXBuildFile; fileRef = E4DCFBE9218C1B360091B016 /* CalendarModel.swift */; };
		E4DCFBED218C1BA00091B016 /* RecordStatus.swift in Sources */ = {isa = PBXBuildFile; fileRef = E4DCFBEC218C1BA00091B016 /* RecordStatus.swift */; };
		E4DCFBF0218C1DCC0091B016 /* TemplateType.swift in Sources */ = {isa = PBXBuildFile; fileRef = E4DCFBEE218C1DCC0091B016 /* TemplateType.swift */; };
		E4DCFBF1218C1DCC0091B016 /* AssetType.swift in Sources */ = {isa = PBXBuildFile; fileRef = E4DCFBEF218C1DCC0091B016 /* AssetType.swift */; };
		E4DCFBFA218C26310091B016 /* StickerModel.swift in Sources */ = {isa = PBXBuildFile; fileRef = E4DCFBF2218C26300091B016 /* StickerModel.swift */; };
		E4DCFBFB218C26310091B016 /* DiaryModel.swift in Sources */ = {isa = PBXBuildFile; fileRef = E4DCFBF3218C26300091B016 /* DiaryModel.swift */; };
		E4DCFBFC218C26310091B016 /* EventModel.swift in Sources */ = {isa = PBXBuildFile; fileRef = E4DCFBF4218C26300091B016 /* EventModel.swift */; };
		E4DCFBFD218C26310091B016 /* StickerGroupModel.swift in Sources */ = {isa = PBXBuildFile; fileRef = E4DCFBF5218C26310091B016 /* StickerGroupModel.swift */; };
		E4DCFBFE218C26310091B016 /* DayModel.swift in Sources */ = {isa = PBXBuildFile; fileRef = E4DCFBF6218C26310091B016 /* DayModel.swift */; };
		E4DCFBFF218C26310091B016 /* TemplateModel.swift in Sources */ = {isa = PBXBuildFile; fileRef = E4DCFBF7218C26310091B016 /* TemplateModel.swift */; };
		E4DCFC00218C26310091B016 /* TodoModel.swift in Sources */ = {isa = PBXBuildFile; fileRef = E4DCFBF8218C26310091B016 /* TodoModel.swift */; };
		E4DCFC01218C26310091B016 /* AssetModel.swift in Sources */ = {isa = PBXBuildFile; fileRef = E4DCFBF9218C26310091B016 /* AssetModel.swift */; };
		E4DCFC03218C2B1D0091B016 /* StickerType.swift in Sources */ = {isa = PBXBuildFile; fileRef = E4DCFC02218C2B1D0091B016 /* StickerType.swift */; };
		E4DCFC05218C327F0091B016 /* TodoPriority.swift in Sources */ = {isa = PBXBuildFile; fileRef = E4DCFC04218C327F0091B016 /* TodoPriority.swift */; };
		E4DCFC07218FCDAB0091B016 /* TodoRepository.swift in Sources */ = {isa = PBXBuildFile; fileRef = E4DCFC06218FCDAA0091B016 /* TodoRepository.swift */; };
		E4DCFC09218FD52A0091B016 /* TemplateRepository.swift in Sources */ = {isa = PBXBuildFile; fileRef = E4DCFC08218FD52A0091B016 /* TemplateRepository.swift */; };
		E4F86E1C21815261003C0CD0 /* DialogFadeBehavior.swift in Sources */ = {isa = PBXBuildFile; fileRef = E4F86E1721815260003C0CD0 /* DialogFadeBehavior.swift */; };
		E4F86E1D21815261003C0CD0 /* DialogZoomBehavior.swift in Sources */ = {isa = PBXBuildFile; fileRef = E4F86E1821815260003C0CD0 /* DialogZoomBehavior.swift */; };
		E4F86E1E21815261003C0CD0 /* DialogBottomDrawBehavior.swift in Sources */ = {isa = PBXBuildFile; fileRef = E4F86E1921815260003C0CD0 /* DialogBottomDrawBehavior.swift */; };
		E4F86E1F21815261003C0CD0 /* DialogNoneBehavior.swift in Sources */ = {isa = PBXBuildFile; fileRef = E4F86E1A21815260003C0CD0 /* DialogNoneBehavior.swift */; };
		E4F86E2021815261003C0CD0 /* DialogLeftDrawBehavior.swift in Sources */ = {isa = PBXBuildFile; fileRef = E4F86E1B21815261003C0CD0 /* DialogLeftDrawBehavior.swift */; };
/* End PBXBuildFile section */

/* Begin PBXContainerItemProxy section */
		E493B1D5217593F90017F931 /* PBXContainerItemProxy */ = {
			isa = PBXContainerItemProxy;
			containerPortal = E493B1B8217593F70017F931 /* Project object */;
			proxyType = 1;
			remoteGlobalIDString = E493B1BF217593F80017F931;
			remoteInfo = schetto;
		};
/* End PBXContainerItemProxy section */

/* Begin PBXFileReference section */
		026BEB29E289B49409FAE8F0 /* Pods-schetto.release.xcconfig */ = {isa = PBXFileReference; includeInIndex = 1; lastKnownFileType = text.xcconfig; name = "Pods-schetto.release.xcconfig"; path = "Pods/Target Support Files/Pods-schetto/Pods-schetto.release.xcconfig"; sourceTree = "<group>"; };
		04279A0610D1FBE86B8892A7 /* Pods-schetto.debug.xcconfig */ = {isa = PBXFileReference; includeInIndex = 1; lastKnownFileType = text.xcconfig; name = "Pods-schetto.debug.xcconfig"; path = "Pods/Target Support Files/Pods-schetto/Pods-schetto.debug.xcconfig"; sourceTree = "<group>"; };
		1420686342C19967B859D22B /* Pods-schettoTests.debug.xcconfig */ = {isa = PBXFileReference; includeInIndex = 1; lastKnownFileType = text.xcconfig; name = "Pods-schettoTests.debug.xcconfig"; path = "Pods/Target Support Files/Pods-schettoTests/Pods-schettoTests.debug.xcconfig"; sourceTree = "<group>"; };
		2DE5F7143E55700D3F4D293C /* Pods_schetto.framework */ = {isa = PBXFileReference; explicitFileType = wrapper.framework; includeInIndex = 0; path = Pods_schetto.framework; sourceTree = BUILT_PRODUCTS_DIR; };
		7AC74EB13AEB92F1275AE480 /* Pods-schettoTests.release.xcconfig */ = {isa = PBXFileReference; includeInIndex = 1; lastKnownFileType = text.xcconfig; name = "Pods-schettoTests.release.xcconfig"; path = "Pods/Target Support Files/Pods-schettoTests/Pods-schettoTests.release.xcconfig"; sourceTree = "<group>"; };
		9FA7AFAEAFB6AC132A3F1A7D /* Pods_schettoTests.framework */ = {isa = PBXFileReference; explicitFileType = wrapper.framework; includeInIndex = 0; path = Pods_schettoTests.framework; sourceTree = BUILT_PRODUCTS_DIR; };
		DB0455E6218767FD003902B8 /* Button.swift */ = {isa = PBXFileReference; fileEncoding = 4; lastKnownFileType = sourcecode.swift; path = Button.swift; sourceTree = "<group>"; };
		DB0455E821876B9A003902B8 /* Color+Definition.swift */ = {isa = PBXFileReference; fileEncoding = 4; lastKnownFileType = sourcecode.swift; path = "Color+Definition.swift"; sourceTree = "<group>"; };
		DB154CAB2189E6560092791F /* DrawerMenuItem.swift */ = {isa = PBXFileReference; fileEncoding = 4; lastKnownFileType = sourcecode.swift; path = DrawerMenuItem.swift; sourceTree = "<group>"; };
		DB22840521876E09008F00F6 /* Font+Definition.swift */ = {isa = PBXFileReference; fileEncoding = 4; lastKnownFileType = sourcecode.swift; path = "Font+Definition.swift"; sourceTree = "<group>"; };
		DB22840721876FA8008F00F6 /* UIControl+App.swift */ = {isa = PBXFileReference; fileEncoding = 4; lastKnownFileType = sourcecode.swift; path = "UIControl+App.swift"; sourceTree = "<group>"; };
		DB22840B21888D6D008F00F6 /* MainViewController.swift */ = {isa = PBXFileReference; fileEncoding = 4; lastKnownFileType = sourcecode.swift; path = MainViewController.swift; sourceTree = "<group>"; };
		DB22840C21888D6D008F00F6 /* MainPresenter.swift */ = {isa = PBXFileReference; fileEncoding = 4; lastKnownFileType = sourcecode.swift; path = MainPresenter.swift; sourceTree = "<group>"; };
		DB22840D21888D6D008F00F6 /* Main.storyboard */ = {isa = PBXFileReference; fileEncoding = 4; lastKnownFileType = file.storyboard; path = Main.storyboard; sourceTree = "<group>"; };
		DB22840E21888D6D008F00F6 /* MainRepository.swift */ = {isa = PBXFileReference; fileEncoding = 4; lastKnownFileType = sourcecode.swift; path = MainRepository.swift; sourceTree = "<group>"; };
		DB22840F21888D6D008F00F6 /* MainAdapter.swift */ = {isa = PBXFileReference; fileEncoding = 4; lastKnownFileType = sourcecode.swift; path = MainAdapter.swift; sourceTree = "<group>"; };
		DB22841321888D6D008F00F6 /* MainCell.swift */ = {isa = PBXFileReference; fileEncoding = 4; lastKnownFileType = sourcecode.swift; path = MainCell.swift; sourceTree = "<group>"; };
		DB22841E2188C288008F00F6 /* CoreGraphics+Dimension.swift */ = {isa = PBXFileReference; fileEncoding = 4; lastKnownFileType = sourcecode.swift; path = "CoreGraphics+Dimension.swift"; sourceTree = "<group>"; };
		DB2284242188CD47008F00F6 /* DrawerMenuCell.swift */ = {isa = PBXFileReference; fileEncoding = 4; lastKnownFileType = sourcecode.swift; path = DrawerMenuCell.swift; sourceTree = "<group>"; };
		DB2284262188CD47008F00F6 /* DrawerMenuAdapter.swift */ = {isa = PBXFileReference; fileEncoding = 4; lastKnownFileType = sourcecode.swift; path = DrawerMenuAdapter.swift; sourceTree = "<group>"; };
		DB2284272188CD47008F00F6 /* DrawerMenu.storyboard */ = {isa = PBXFileReference; fileEncoding = 4; lastKnownFileType = file.storyboard; path = DrawerMenu.storyboard; sourceTree = "<group>"; };
		DB2284282188CD47008F00F6 /* DrawerMenuViewController.swift */ = {isa = PBXFileReference; fileEncoding = 4; lastKnownFileType = sourcecode.swift; path = DrawerMenuViewController.swift; sourceTree = "<group>"; };
		DB780DBF217E0E0E00E0F1D0 /* DateTests.swift */ = {isa = PBXFileReference; fileEncoding = 4; lastKnownFileType = sourcecode.swift; path = DateTests.swift; sourceTree = "<group>"; };
		DB7A7B74217F8BFB0070EAEF /* AlertHelper.swift */ = {isa = PBXFileReference; fileEncoding = 4; lastKnownFileType = sourcecode.swift; path = AlertHelper.swift; sourceTree = "<group>"; };
		DB7AD9EE217F60DD001243C3 /* FileTests.swift */ = {isa = PBXFileReference; fileEncoding = 4; lastKnownFileType = sourcecode.swift; path = FileTests.swift; sourceTree = "<group>"; };
		DBB52A4221761968009C5097 /* UIColor+App.swift */ = {isa = PBXFileReference; fileEncoding = 4; lastKnownFileType = sourcecode.swift; path = "UIColor+App.swift"; sourceTree = "<group>"; };
		DBB52A4321761968009C5097 /* UIView+App.swift */ = {isa = PBXFileReference; fileEncoding = 4; lastKnownFileType = sourcecode.swift; path = "UIView+App.swift"; sourceTree = "<group>"; };
		DBB52A4521761968009C5097 /* Array+App.swift */ = {isa = PBXFileReference; fileEncoding = 4; lastKnownFileType = sourcecode.swift; path = "Array+App.swift"; sourceTree = "<group>"; };
		DBB52A4621761968009C5097 /* UIImage+App.swift */ = {isa = PBXFileReference; fileEncoding = 4; lastKnownFileType = sourcecode.swift; path = "UIImage+App.swift"; sourceTree = "<group>"; };
		DBB52A4721761968009C5097 /* Date+App.swift */ = {isa = PBXFileReference; fileEncoding = 4; lastKnownFileType = sourcecode.swift; path = "Date+App.swift"; sourceTree = "<group>"; };
		DBB52A4821761968009C5097 /* CoreGraphics+App.swift */ = {isa = PBXFileReference; fileEncoding = 4; lastKnownFileType = sourcecode.swift; path = "CoreGraphics+App.swift"; sourceTree = "<group>"; };
		DBB52A4921761968009C5097 /* Directory+App.swift */ = {isa = PBXFileReference; fileEncoding = 4; lastKnownFileType = sourcecode.swift; path = "Directory+App.swift"; sourceTree = "<group>"; };
		DBB52A4A21761968009C5097 /* String+App.swift */ = {isa = PBXFileReference; fileEncoding = 4; lastKnownFileType = sourcecode.swift; path = "String+App.swift"; sourceTree = "<group>"; };
		DBB52A4B21761968009C5097 /* Notification+App.swift */ = {isa = PBXFileReference; fileEncoding = 4; lastKnownFileType = sourcecode.swift; path = "Notification+App.swift"; sourceTree = "<group>"; };
		DBB52A4C21761968009C5097 /* Number+App.swift */ = {isa = PBXFileReference; fileEncoding = 4; lastKnownFileType = sourcecode.swift; path = "Number+App.swift"; sourceTree = "<group>"; };
		DBB52A5821761C1D009C5097 /* ArrayExtensionTests.swift */ = {isa = PBXFileReference; fileEncoding = 4; lastKnownFileType = sourcecode.swift; path = ArrayExtensionTests.swift; sourceTree = "<group>"; };
		DBB52A5A2176379B009C5097 /* NumberExtensionTests.swift */ = {isa = PBXFileReference; fileEncoding = 4; lastKnownFileType = sourcecode.swift; path = NumberExtensionTests.swift; sourceTree = "<group>"; };
		DBB52A5C217647FE009C5097 /* CoreGraphicsExtensionTests.swift */ = {isa = PBXFileReference; fileEncoding = 4; lastKnownFileType = sourcecode.swift; path = CoreGraphicsExtensionTests.swift; sourceTree = "<group>"; };
		DBC0E1462184A5ED00E26514 /* UnhighlightCell.swift */ = {isa = PBXFileReference; fileEncoding = 4; lastKnownFileType = sourcecode.swift; path = UnhighlightCell.swift; sourceTree = "<group>"; };
		DBD257392184D2CC0007AC44 /* UIApplication+App.swift */ = {isa = PBXFileReference; fileEncoding = 4; lastKnownFileType = sourcecode.swift; path = "UIApplication+App.swift"; sourceTree = "<group>"; };
		DBD2573B2184D7300007AC44 /* Timer.swift */ = {isa = PBXFileReference; fileEncoding = 4; lastKnownFileType = sourcecode.swift; path = Timer.swift; sourceTree = "<group>"; };
		E4204015217F2DDD0036DAE0 /* Dialog.swift */ = {isa = PBXFileReference; fileEncoding = 4; lastKnownFileType = sourcecode.swift; path = Dialog.swift; sourceTree = "<group>"; };
		E4204017217F2DDD0036DAE0 /* DialogRightDrawBehavior.swift */ = {isa = PBXFileReference; fileEncoding = 4; lastKnownFileType = sourcecode.swift; path = DialogRightDrawBehavior.swift; sourceTree = "<group>"; };
		E4204018217F2DDD0036DAE0 /* DialogRiseupBehavior.swift */ = {isa = PBXFileReference; fileEncoding = 4; lastKnownFileType = sourcecode.swift; path = DialogRiseupBehavior.swift; sourceTree = "<group>"; };
		E420401C217F31230036DAE0 /* File.swift */ = {isa = PBXFileReference; fileEncoding = 4; lastKnownFileType = sourcecode.swift; path = File.swift; sourceTree = "<group>"; };
		E42F69632189A32B00426E3C /* CalendarSettingTranslator.swift */ = {isa = PBXFileReference; fileEncoding = 4; lastKnownFileType = sourcecode.swift; path = CalendarSettingTranslator.swift; sourceTree = "<group>"; };
		E42F69652189A3EA00426E3C /* CalendarThemeModel.swift */ = {isa = PBXFileReference; fileEncoding = 4; lastKnownFileType = sourcecode.swift; path = CalendarThemeModel.swift; sourceTree = "<group>"; };
		E42F69672189A80300426E3C /* Detranslator.swift */ = {isa = PBXFileReference; fileEncoding = 4; lastKnownFileType = sourcecode.swift; path = Detranslator.swift; sourceTree = "<group>"; };
		E42F696A2189B99C00426E3C /* default_calendar_setting.json */ = {isa = PBXFileReference; fileEncoding = 4; lastKnownFileType = text.json; path = default_calendar_setting.json; sourceTree = "<group>"; };
		E43EFDA82178869700EBDEED /* StringSubstringTests.swift */ = {isa = PBXFileReference; fileEncoding = 4; lastKnownFileType = sourcecode.swift; path = StringSubstringTests.swift; sourceTree = "<group>"; };
		E4456DC021894D5A00C13172 /* Json.swift */ = {isa = PBXFileReference; fileEncoding = 4; lastKnownFileType = sourcecode.swift; path = Json.swift; sourceTree = "<group>"; };
		E4456DC221894DDB00C13172 /* File+Definition.swift */ = {isa = PBXFileReference; fileEncoding = 4; lastKnownFileType = sourcecode.swift; path = "File+Definition.swift"; sourceTree = "<group>"; };
		E4456DC621895FCC00C13172 /* CalendarSettingModel.swift */ = {isa = PBXFileReference; fileEncoding = 4; lastKnownFileType = sourcecode.swift; path = CalendarSettingModel.swift; sourceTree = "<group>"; };
		E4456DCA2189601300C13172 /* CalendarSetting.swift */ = {isa = PBXFileReference; fileEncoding = 4; lastKnownFileType = sourcecode.swift; path = CalendarSetting.swift; sourceTree = "<group>"; };
		E4456DCC2189603D00C13172 /* AppConfig.swift */ = {isa = PBXFileReference; fileEncoding = 4; lastKnownFileType = sourcecode.swift; path = AppConfig.swift; sourceTree = "<group>"; };
		E47278BD21780F5C003DA88E /* Notifiable.swift */ = {isa = PBXFileReference; fileEncoding = 4; lastKnownFileType = sourcecode.swift; path = Notifiable.swift; sourceTree = "<group>"; };
		E477351321780C8F00DE3AA7 /* KeyboardManager.swift */ = {isa = PBXFileReference; fileEncoding = 4; lastKnownFileType = sourcecode.swift; path = KeyboardManager.swift; sourceTree = "<group>"; };
		E48E5E48217FF5BB0072C22F /* ClearButton.swift */ = {isa = PBXFileReference; fileEncoding = 4; lastKnownFileType = sourcecode.swift; path = ClearButton.swift; sourceTree = "<group>"; };
		E493B1C0217593F80017F931 /* schetto.app */ = {isa = PBXFileReference; explicitFileType = wrapper.application; includeInIndex = 0; path = schetto.app; sourceTree = BUILT_PRODUCTS_DIR; };
		E493B1CA217593F90017F931 /* Assets.xcassets */ = {isa = PBXFileReference; lastKnownFileType = folder.assetcatalog; path = Assets.xcassets; sourceTree = "<group>"; };
		E493B1CD217593F90017F931 /* Base */ = {isa = PBXFileReference; lastKnownFileType = file.storyboard; name = Base; path = Base.lproj/LaunchScreen.storyboard; sourceTree = "<group>"; };
		E493B1CF217593F90017F931 /* Info.plist */ = {isa = PBXFileReference; lastKnownFileType = text.plist.xml; path = Info.plist; sourceTree = "<group>"; };
		E493B1D4217593F90017F931 /* schettoTests.xctest */ = {isa = PBXFileReference; explicitFileType = wrapper.cfbundle; includeInIndex = 0; path = schettoTests.xctest; sourceTree = BUILT_PRODUCTS_DIR; };
		E493B1DA217593F90017F931 /* Info.plist */ = {isa = PBXFileReference; lastKnownFileType = text.plist.xml; path = Info.plist; sourceTree = "<group>"; };
		E493B1E5217595370017F931 /* AppDelegate.swift */ = {isa = PBXFileReference; fileEncoding = 4; lastKnownFileType = sourcecode.swift; path = AppDelegate.swift; sourceTree = "<group>"; };
		E493B1FE217599810017F931 /* CalendarView.swift */ = {isa = PBXFileReference; fileEncoding = 4; lastKnownFileType = sourcecode.swift; path = CalendarView.swift; sourceTree = "<group>"; };
		E493B201217599900017F931 /* Translator.swift */ = {isa = PBXFileReference; fileEncoding = 4; lastKnownFileType = sourcecode.swift; path = Translator.swift; sourceTree = "<group>"; };
		E493B2092176BD360017F931 /* BootstrapViewController.swift */ = {isa = PBXFileReference; fileEncoding = 4; lastKnownFileType = sourcecode.swift; path = BootstrapViewController.swift; sourceTree = "<group>"; };
		E493B20A2176BD360017F931 /* Bootstrap.storyboard */ = {isa = PBXFileReference; fileEncoding = 4; lastKnownFileType = file.storyboard; path = Bootstrap.storyboard; sourceTree = "<group>"; };
		E493B20D2176BF180017F931 /* Builder.swift */ = {isa = PBXFileReference; fileEncoding = 4; lastKnownFileType = sourcecode.swift; path = Builder.swift; sourceTree = "<group>"; };
		E493B20E2176BF190017F931 /* Wireframe.swift */ = {isa = PBXFileReference; fileEncoding = 4; lastKnownFileType = sourcecode.swift; path = Wireframe.swift; sourceTree = "<group>"; };
		E493B2122176BF890017F931 /* WireframeHelper.swift */ = {isa = PBXFileReference; fileEncoding = 4; lastKnownFileType = sourcecode.swift; path = WireframeHelper.swift; sourceTree = "<group>"; };
		E495077B2181BE0500583C06 /* UITextField+App.swift */ = {isa = PBXFileReference; fileEncoding = 4; lastKnownFileType = sourcecode.swift; path = "UITextField+App.swift"; sourceTree = "<group>"; };
		E495077D2181C38D00583C06 /* TextFieldManager.swift */ = {isa = PBXFileReference; fileEncoding = 4; lastKnownFileType = sourcecode.swift; path = TextFieldManager.swift; sourceTree = "<group>"; };
		E4959D5F218368B2008778F1 /* NSPredicate+Realm.swift */ = {isa = PBXFileReference; fileEncoding = 4; lastKnownFileType = sourcecode.swift; path = "NSPredicate+Realm.swift"; sourceTree = "<group>"; };
		E4959D61218368B2008778F1 /* WebApiAccessor.swift */ = {isa = PBXFileReference; fileEncoding = 4; lastKnownFileType = sourcecode.swift; path = WebApiAccessor.swift; sourceTree = "<group>"; };
		E4959D62218368B2008778F1 /* WebApiResponse.swift */ = {isa = PBXFileReference; fileEncoding = 4; lastKnownFileType = sourcecode.swift; path = WebApiResponse.swift; sourceTree = "<group>"; };
		E4959D65218368B2008778F1 /* WebApiRequest.swift */ = {isa = PBXFileReference; fileEncoding = 4; lastKnownFileType = sourcecode.swift; path = WebApiRequest.swift; sourceTree = "<group>"; };
		E4959D66218368B2008778F1 /* WebApiRequestMethod.swift */ = {isa = PBXFileReference; fileEncoding = 4; lastKnownFileType = sourcecode.swift; path = WebApiRequestMethod.swift; sourceTree = "<group>"; };
		E4959D67218368B2008778F1 /* WebApiError.swift */ = {isa = PBXFileReference; fileEncoding = 4; lastKnownFileType = sourcecode.swift; path = WebApiError.swift; sourceTree = "<group>"; };
		E4959D6F21848299008778F1 /* RealmIdentifiedObject.swift */ = {isa = PBXFileReference; fileEncoding = 4; lastKnownFileType = sourcecode.swift; path = RealmIdentifiedObject.swift; sourceTree = "<group>"; };
		E4959D7021848299008778F1 /* RealmSwift+App.swift */ = {isa = PBXFileReference; fileEncoding = 4; lastKnownFileType = sourcecode.swift; path = "RealmSwift+App.swift"; sourceTree = "<group>"; };
		E4959D7121848299008778F1 /* Realm.swift */ = {isa = PBXFileReference; fileEncoding = 4; lastKnownFileType = sourcecode.swift; path = Realm.swift; sourceTree = "<group>"; };
		E4959E3021869B6D008778F1 /* LaunchPresenter.swift */ = {isa = PBXFileReference; fileEncoding = 4; lastKnownFileType = sourcecode.swift; path = LaunchPresenter.swift; sourceTree = "<group>"; };
		E4959E3221869B6D008778F1 /* LaunchRepository.swift */ = {isa = PBXFileReference; fileEncoding = 4; lastKnownFileType = sourcecode.swift; path = LaunchRepository.swift; sourceTree = "<group>"; };
		E4959E3421869B6D008778F1 /* Launch.storyboard */ = {isa = PBXFileReference; fileEncoding = 4; lastKnownFileType = file.storyboard; path = Launch.storyboard; sourceTree = "<group>"; };
		E4959E3621869B6D008778F1 /* LaunchViewController.swift */ = {isa = PBXFileReference; fileEncoding = 4; lastKnownFileType = sourcecode.swift; path = LaunchViewController.swift; sourceTree = "<group>"; };
		E4959E442186E1E9008778F1 /* TutorialViewController.swift */ = {isa = PBXFileReference; fileEncoding = 4; lastKnownFileType = sourcecode.swift; path = TutorialViewController.swift; sourceTree = "<group>"; };
		E4959E462186E1E9008778F1 /* Tutorial.storyboard */ = {isa = PBXFileReference; fileEncoding = 4; lastKnownFileType = file.storyboard; path = Tutorial.storyboard; sourceTree = "<group>"; };
		E4959E5421870C93008778F1 /* TutorialAdapter.swift */ = {isa = PBXFileReference; fileEncoding = 4; lastKnownFileType = sourcecode.swift; path = TutorialAdapter.swift; sourceTree = "<group>"; };
		E4959E5521870C93008778F1 /* TutorialCell.swift */ = {isa = PBXFileReference; fileEncoding = 4; lastKnownFileType = sourcecode.swift; path = TutorialCell.swift; sourceTree = "<group>"; };
		E4959E5D21874A80008778F1 /* TermsViewController.swift */ = {isa = PBXFileReference; fileEncoding = 4; lastKnownFileType = sourcecode.swift; path = TermsViewController.swift; sourceTree = "<group>"; };
		E4959E5E21874A80008778F1 /* Terms.storyboard */ = {isa = PBXFileReference; fileEncoding = 4; lastKnownFileType = file.storyboard; path = Terms.storyboard; sourceTree = "<group>"; };
		E4959E6021874A80008778F1 /* TermsPresenter.swift */ = {isa = PBXFileReference; fileEncoding = 4; lastKnownFileType = sourcecode.swift; path = TermsPresenter.swift; sourceTree = "<group>"; };
		E4A6D629217D89A600036D27 /* Anchorable.swift */ = {isa = PBXFileReference; fileEncoding = 4; lastKnownFileType = sourcecode.swift; path = Anchorable.swift; sourceTree = "<group>"; };
		E4A6D62C217D8A6500036D27 /* TestViewController.swift */ = {isa = PBXFileReference; fileEncoding = 4; lastKnownFileType = sourcecode.swift; path = TestViewController.swift; sourceTree = "<group>"; };
		E4A6D62D217D8A6500036D27 /* Test.storyboard */ = {isa = PBXFileReference; fileEncoding = 4; lastKnownFileType = file.storyboard; path = Test.storyboard; sourceTree = "<group>"; };
		E4BF1A8421802D2F00AFBAB8 /* ApplicationLifeCycle.swift */ = {isa = PBXFileReference; fileEncoding = 4; lastKnownFileType = sourcecode.swift; path = ApplicationLifeCycle.swift; sourceTree = "<group>"; };
		E4BF1A862180361700AFBAB8 /* Application.swift */ = {isa = PBXFileReference; fileEncoding = 4; lastKnownFileType = sourcecode.swift; path = Application.swift; sourceTree = "<group>"; };
		E4BF1A882180445700AFBAB8 /* main.swift */ = {isa = PBXFileReference; fileEncoding = 4; lastKnownFileType = sourcecode.swift; path = main.swift; sourceTree = "<group>"; };
		E4BF1A8A2180685E00AFBAB8 /* PushNotification.swift */ = {isa = PBXFileReference; fileEncoding = 4; lastKnownFileType = sourcecode.swift; path = PushNotification.swift; sourceTree = "<group>"; };
		E4BF1A8C21806D8200AFBAB8 /* schetto.entitlements */ = {isa = PBXFileReference; lastKnownFileType = text.plist.entitlements; path = schetto.entitlements; sourceTree = "<group>"; };
		E4BF1A8D2180C2A200AFBAB8 /* IndexPath+App.swift */ = {isa = PBXFileReference; fileEncoding = 4; lastKnownFileType = sourcecode.swift; path = "IndexPath+App.swift"; sourceTree = "<group>"; };
		E4BF1A8F2180C3CB00AFBAB8 /* Configurable.swift */ = {isa = PBXFileReference; fileEncoding = 4; lastKnownFileType = sourcecode.swift; path = Configurable.swift; sourceTree = "<group>"; };
		E4DC8DC42176D8AD00958641 /* UIColorExtensionTests.swift */ = {isa = PBXFileReference; fileEncoding = 4; lastKnownFileType = sourcecode.swift; path = UIColorExtensionTests.swift; sourceTree = "<group>"; };
		E4DC8DC62176E2F100958641 /* Codable+App.swift */ = {isa = PBXFileReference; fileEncoding = 4; lastKnownFileType = sourcecode.swift; path = "Codable+App.swift"; sourceTree = "<group>"; };
		E4DC8DCA2176EC3400958641 /* StringExtensionTests.swift */ = {isa = PBXFileReference; fileEncoding = 4; lastKnownFileType = sourcecode.swift; path = StringExtensionTests.swift; sourceTree = "<group>"; };
		E4DCFBD5218BD12E0091B016 /* DBCalendar.swift */ = {isa = PBXFileReference; fileEncoding = 4; lastKnownFileType = sourcecode.swift; path = DBCalendar.swift; sourceTree = "<group>"; };
		E4DCFBD6218BD12E0091B016 /* DBEvent.swift */ = {isa = PBXFileReference; fileEncoding = 4; lastKnownFileType = sourcecode.swift; path = DBEvent.swift; sourceTree = "<group>"; };
		E4DCFBD9218BD42B0091B016 /* DBDiary.swift */ = {isa = PBXFileReference; fileEncoding = 4; lastKnownFileType = sourcecode.swift; path = DBDiary.swift; sourceTree = "<group>"; };
		E4DCFBDA218BD42B0091B016 /* DBStickerGroup.swift */ = {isa = PBXFileReference; fileEncoding = 4; lastKnownFileType = sourcecode.swift; path = DBStickerGroup.swift; sourceTree = "<group>"; };
		E4DCFBDB218BD42B0091B016 /* DBAsset.swift */ = {isa = PBXFileReference; fileEncoding = 4; lastKnownFileType = sourcecode.swift; path = DBAsset.swift; sourceTree = "<group>"; };
		E4DCFBDC218BD42B0091B016 /* DBTemplate.swift */ = {isa = PBXFileReference; fileEncoding = 4; lastKnownFileType = sourcecode.swift; path = DBTemplate.swift; sourceTree = "<group>"; };
		E4DCFBDD218BD42B0091B016 /* DBDay.swift */ = {isa = PBXFileReference; fileEncoding = 4; lastKnownFileType = sourcecode.swift; path = DBDay.swift; sourceTree = "<group>"; };
		E4DCFBDE218BD42B0091B016 /* DBSticker.swift */ = {isa = PBXFileReference; fileEncoding = 4; lastKnownFileType = sourcecode.swift; path = DBSticker.swift; sourceTree = "<group>"; };
		E4DCFBDF218BD42B0091B016 /* DBTodo.swift */ = {isa = PBXFileReference; fileEncoding = 4; lastKnownFileType = sourcecode.swift; path = DBTodo.swift; sourceTree = "<group>"; };
		E4DCFBE7218C1B0D0091B016 /* TodoTranslator.swift */ = {isa = PBXFileReference; fileEncoding = 4; lastKnownFileType = sourcecode.swift; path = TodoTranslator.swift; sourceTree = "<group>"; };
		E4DCFBE9218C1B360091B016 /* CalendarModel.swift */ = {isa = PBXFileReference; fileEncoding = 4; lastKnownFileType = sourcecode.swift; path = CalendarModel.swift; sourceTree = "<group>"; };
		E4DCFBEC218C1BA00091B016 /* RecordStatus.swift */ = {isa = PBXFileReference; fileEncoding = 4; lastKnownFileType = sourcecode.swift; path = RecordStatus.swift; sourceTree = "<group>"; };
		E4DCFBEE218C1DCC0091B016 /* TemplateType.swift */ = {isa = PBXFileReference; fileEncoding = 4; lastKnownFileType = sourcecode.swift; path = TemplateType.swift; sourceTree = "<group>"; };
		E4DCFBEF218C1DCC0091B016 /* AssetType.swift */ = {isa = PBXFileReference; fileEncoding = 4; lastKnownFileType = sourcecode.swift; path = AssetType.swift; sourceTree = "<group>"; };
		E4DCFBF2218C26300091B016 /* StickerModel.swift */ = {isa = PBXFileReference; fileEncoding = 4; lastKnownFileType = sourcecode.swift; path = StickerModel.swift; sourceTree = "<group>"; };
		E4DCFBF3218C26300091B016 /* DiaryModel.swift */ = {isa = PBXFileReference; fileEncoding = 4; lastKnownFileType = sourcecode.swift; path = DiaryModel.swift; sourceTree = "<group>"; };
		E4DCFBF4218C26300091B016 /* EventModel.swift */ = {isa = PBXFileReference; fileEncoding = 4; lastKnownFileType = sourcecode.swift; path = EventModel.swift; sourceTree = "<group>"; };
		E4DCFBF5218C26310091B016 /* StickerGroupModel.swift */ = {isa = PBXFileReference; fileEncoding = 4; lastKnownFileType = sourcecode.swift; path = StickerGroupModel.swift; sourceTree = "<group>"; };
		E4DCFBF6218C26310091B016 /* DayModel.swift */ = {isa = PBXFileReference; fileEncoding = 4; lastKnownFileType = sourcecode.swift; path = DayModel.swift; sourceTree = "<group>"; };
		E4DCFBF7218C26310091B016 /* TemplateModel.swift */ = {isa = PBXFileReference; fileEncoding = 4; lastKnownFileType = sourcecode.swift; path = TemplateModel.swift; sourceTree = "<group>"; };
		E4DCFBF8218C26310091B016 /* TodoModel.swift */ = {isa = PBXFileReference; fileEncoding = 4; lastKnownFileType = sourcecode.swift; path = TodoModel.swift; sourceTree = "<group>"; };
		E4DCFBF9218C26310091B016 /* AssetModel.swift */ = {isa = PBXFileReference; fileEncoding = 4; lastKnownFileType = sourcecode.swift; path = AssetModel.swift; sourceTree = "<group>"; };
		E4DCFC02218C2B1D0091B016 /* StickerType.swift */ = {isa = PBXFileReference; fileEncoding = 4; lastKnownFileType = sourcecode.swift; path = StickerType.swift; sourceTree = "<group>"; };
		E4DCFC04218C327F0091B016 /* TodoPriority.swift */ = {isa = PBXFileReference; fileEncoding = 4; lastKnownFileType = sourcecode.swift; path = TodoPriority.swift; sourceTree = "<group>"; };
		E4DCFC06218FCDAA0091B016 /* TodoRepository.swift */ = {isa = PBXFileReference; fileEncoding = 4; lastKnownFileType = sourcecode.swift; path = TodoRepository.swift; sourceTree = "<group>"; };
		E4DCFC08218FD52A0091B016 /* TemplateRepository.swift */ = {isa = PBXFileReference; fileEncoding = 4; lastKnownFileType = sourcecode.swift; path = TemplateRepository.swift; sourceTree = "<group>"; };
		E4F86E1721815260003C0CD0 /* DialogFadeBehavior.swift */ = {isa = PBXFileReference; fileEncoding = 4; lastKnownFileType = sourcecode.swift; path = DialogFadeBehavior.swift; sourceTree = "<group>"; };
		E4F86E1821815260003C0CD0 /* DialogZoomBehavior.swift */ = {isa = PBXFileReference; fileEncoding = 4; lastKnownFileType = sourcecode.swift; path = DialogZoomBehavior.swift; sourceTree = "<group>"; };
		E4F86E1921815260003C0CD0 /* DialogBottomDrawBehavior.swift */ = {isa = PBXFileReference; fileEncoding = 4; lastKnownFileType = sourcecode.swift; path = DialogBottomDrawBehavior.swift; sourceTree = "<group>"; };
		E4F86E1A21815260003C0CD0 /* DialogNoneBehavior.swift */ = {isa = PBXFileReference; fileEncoding = 4; lastKnownFileType = sourcecode.swift; path = DialogNoneBehavior.swift; sourceTree = "<group>"; };
		E4F86E1B21815261003C0CD0 /* DialogLeftDrawBehavior.swift */ = {isa = PBXFileReference; fileEncoding = 4; lastKnownFileType = sourcecode.swift; path = DialogLeftDrawBehavior.swift; sourceTree = "<group>"; };
/* End PBXFileReference section */

/* Begin PBXFrameworksBuildPhase section */
		E493B1BD217593F80017F931 /* Frameworks */ = {
			isa = PBXFrameworksBuildPhase;
			buildActionMask = 2147483647;
			files = (
				6F738B7713350D884A1BAA34 /* Pods_schetto.framework in Frameworks */,
			);
			runOnlyForDeploymentPostprocessing = 0;
		};
		E493B1D1217593F90017F931 /* Frameworks */ = {
			isa = PBXFrameworksBuildPhase;
			buildActionMask = 2147483647;
			files = (
				DFDEB38864CC84733C03D277 /* Pods_schettoTests.framework in Frameworks */,
			);
			runOnlyForDeploymentPostprocessing = 0;
		};
/* End PBXFrameworksBuildPhase section */

/* Begin PBXGroup section */
		5A7C0536FECA818C52176F03 /* Frameworks */ = {
			isa = PBXGroup;
			children = (
				2DE5F7143E55700D3F4D293C /* Pods_schetto.framework */,
				9FA7AFAEAFB6AC132A3F1A7D /* Pods_schettoTests.framework */,
			);
			name = Frameworks;
			sourceTree = "<group>";
		};
		94CB17D9D1038AD30011EF11 /* Pods */ = {
			isa = PBXGroup;
			children = (
				04279A0610D1FBE86B8892A7 /* Pods-schetto.debug.xcconfig */,
				026BEB29E289B49409FAE8F0 /* Pods-schetto.release.xcconfig */,
				1420686342C19967B859D22B /* Pods-schettoTests.debug.xcconfig */,
				7AC74EB13AEB92F1275AE480 /* Pods-schettoTests.release.xcconfig */,
			);
			name = Pods;
			sourceTree = "<group>";
		};
		DB22840921888D6D008F00F6 /* Main */ = {
			isa = PBXGroup;
			children = (
				DB22840D21888D6D008F00F6 /* Main.storyboard */,
				DB22840B21888D6D008F00F6 /* MainViewController.swift */,
				DB22840F21888D6D008F00F6 /* MainAdapter.swift */,
				DB22841321888D6D008F00F6 /* MainCell.swift */,
			);
			path = Main;
			sourceTree = "<group>";
		};
		DB2284202188CD47008F00F6 /* Drawer */ = {
			isa = PBXGroup;
			children = (
				DB2284212188CD47008F00F6 /* DrawerMenu */,
			);
			path = Drawer;
			sourceTree = "<group>";
		};
		DB2284212188CD47008F00F6 /* DrawerMenu */ = {
			isa = PBXGroup;
			children = (
				DB2284272188CD47008F00F6 /* DrawerMenu.storyboard */,
				DB154CAB2189E6560092791F /* DrawerMenuItem.swift */,
				DB2284282188CD47008F00F6 /* DrawerMenuViewController.swift */,
				DB2284262188CD47008F00F6 /* DrawerMenuAdapter.swift */,
				DB2284242188CD47008F00F6 /* DrawerMenuCell.swift */,
			);
			path = DrawerMenu;
			sourceTree = "<group>";
		};
		DBC0E1452184A5ED00E26514 /* TableViewCell */ = {
			isa = PBXGroup;
			children = (
				DBC0E1462184A5ED00E26514 /* UnhighlightCell.swift */,
			);
			path = TableViewCell;
			sourceTree = "<group>";
		};
		E4204014217F2DDD0036DAE0 /* Dialog */ = {
			isa = PBXGroup;
			children = (
				E4204016217F2DDD0036DAE0 /* Animation */,
				E4204015217F2DDD0036DAE0 /* Dialog.swift */,
			);
			path = Dialog;
			sourceTree = "<group>";
		};
		E4204016217F2DDD0036DAE0 /* Animation */ = {
			isa = PBXGroup;
			children = (
				E4F86E1A21815260003C0CD0 /* DialogNoneBehavior.swift */,
				E4F86E1721815260003C0CD0 /* DialogFadeBehavior.swift */,
				E4204018217F2DDD0036DAE0 /* DialogRiseupBehavior.swift */,
				E4F86E1821815260003C0CD0 /* DialogZoomBehavior.swift */,
				E4204017217F2DDD0036DAE0 /* DialogRightDrawBehavior.swift */,
				E4F86E1B21815261003C0CD0 /* DialogLeftDrawBehavior.swift */,
				E4F86E1921815260003C0CD0 /* DialogBottomDrawBehavior.swift */,
			);
			path = Animation;
			sourceTree = "<group>";
		};
		E42F69622189A32B00426E3C /* Translator */ = {
			isa = PBXGroup;
			children = (
				E42F69632189A32B00426E3C /* CalendarSettingTranslator.swift */,
				E4DCFBE7218C1B0D0091B016 /* TodoTranslator.swift */,
			);
			path = Translator;
			sourceTree = "<group>";
		};
		E42F69692189B99C00426E3C /* Resources */ = {
			isa = PBXGroup;
			children = (
				E42F696A2189B99C00426E3C /* default_calendar_setting.json */,
			);
			name = Resources;
			path = schetto/Resources;
			sourceTree = "<group>";
		};
		E4456DBF21894D5A00C13172 /* File */ = {
			isa = PBXGroup;
			children = (
				E4456DC021894D5A00C13172 /* Json.swift */,
			);
			path = File;
			sourceTree = "<group>";
		};
		E4456DC521895FCC00C13172 /* Models */ = {
			isa = PBXGroup;
			children = (
				E4456DC621895FCC00C13172 /* CalendarSettingModel.swift */,
				E42F69652189A3EA00426E3C /* CalendarThemeModel.swift */,
				E4DCFBE9218C1B360091B016 /* CalendarModel.swift */,
				E4DCFBF6218C26310091B016 /* DayModel.swift */,
				E4DCFBF4218C26300091B016 /* EventModel.swift */,
				E4DCFBF9218C26310091B016 /* AssetModel.swift */,
				E4DCFBF8218C26310091B016 /* TodoModel.swift */,
				E4DCFBF3218C26300091B016 /* DiaryModel.swift */,
				E4DCFBF5218C26310091B016 /* StickerGroupModel.swift */,
				E4DCFBF2218C26300091B016 /* StickerModel.swift */,
				E4DCFBF7218C26310091B016 /* TemplateModel.swift */,
			);
			path = Models;
			sourceTree = "<group>";
		};
		E48E5E47217FF5BB0072C22F /* Buttons */ = {
			isa = PBXGroup;
			children = (
				DB0455E6218767FD003902B8 /* Button.swift */,
				E48E5E48217FF5BB0072C22F /* ClearButton.swift */,
			);
			path = Buttons;
			sourceTree = "<group>";
		};
		E493B1B7217593F70017F931 = {
			isa = PBXGroup;
			children = (
				E493B1E3217595370017F931 /* Sources */,
				E42F69692189B99C00426E3C /* Resources */,
				E493B1C2217593F80017F931 /* schetto */,
				E493B1D7217593F90017F931 /* schettoTests */,
				E493B1C1217593F80017F931 /* Products */,
				94CB17D9D1038AD30011EF11 /* Pods */,
				5A7C0536FECA818C52176F03 /* Frameworks */,
			);
			sourceTree = "<group>";
		};
		E493B1C1217593F80017F931 /* Products */ = {
			isa = PBXGroup;
			children = (
				E493B1C0217593F80017F931 /* schetto.app */,
				E493B1D4217593F90017F931 /* schettoTests.xctest */,
			);
			name = Products;
			sourceTree = "<group>";
		};
		E493B1C2217593F80017F931 /* schetto */ = {
			isa = PBXGroup;
			children = (
				E4BF1A8C21806D8200AFBAB8 /* schetto.entitlements */,
				E493B1CA217593F90017F931 /* Assets.xcassets */,
				E493B1CC217593F90017F931 /* LaunchScreen.storyboard */,
				E4BF1A882180445700AFBAB8 /* main.swift */,
				E493B1CF217593F90017F931 /* Info.plist */,
			);
			path = schetto;
			sourceTree = "<group>";
		};
		E493B1D7217593F90017F931 /* schettoTests */ = {
			isa = PBXGroup;
			children = (
				DB780DBF217E0E0E00E0F1D0 /* DateTests.swift */,
				DB7AD9EE217F60DD001243C3 /* FileTests.swift */,
				DBB52A5821761C1D009C5097 /* ArrayExtensionTests.swift */,
				DBB52A5A2176379B009C5097 /* NumberExtensionTests.swift */,
				DBB52A5C217647FE009C5097 /* CoreGraphicsExtensionTests.swift */,
				E4DC8DC42176D8AD00958641 /* UIColorExtensionTests.swift */,
				E4DC8DCA2176EC3400958641 /* StringExtensionTests.swift */,
				E43EFDA82178869700EBDEED /* StringSubstringTests.swift */,
				E493B1DA217593F90017F931 /* Info.plist */,
			);
			path = schettoTests;
			sourceTree = "<group>";
		};
		E493B1E3217595370017F931 /* Sources */ = {
			isa = PBXGroup;
			children = (
				E493B1E4217595370017F931 /* Applications */,
				E493B202217599900017F931 /* Extensions */,
				E493B200217599900017F931 /* Protocols */,
				E4DCFBEB218C1BA00091B016 /* Enums */,
				E4959D5D218368B2008778F1 /* DataStores */,
				E493B1F6217599450017F931 /* Entities */,
				E4456DC521895FCC00C13172 /* Models */,
				E493B1F8217599450017F931 /* Repositories */,
				E42F69622189A32B00426E3C /* Translator */,
				E493B1F32175982B0017F931 /* Presenters */,
				E493B1E72175979B0017F931 /* Views */,
				E493B1FC217599810017F931 /* ViewComponents */,
				E493B2112176BF890017F931 /* Utils */,
			);
			name = Sources;
			path = schetto/Sources;
			sourceTree = "<group>";
		};
		E493B1E4217595370017F931 /* Applications */ = {
			isa = PBXGroup;
			children = (
				E493B1E5217595370017F931 /* AppDelegate.swift */,
				E4BF1A862180361700AFBAB8 /* Application.swift */,
				E4BF1A8A2180685E00AFBAB8 /* PushNotification.swift */,
				E4456DC221894DDB00C13172 /* File+Definition.swift */,
				DB0455E821876B9A003902B8 /* Color+Definition.swift */,
				DB22840521876E09008F00F6 /* Font+Definition.swift */,
				E493B20D2176BF180017F931 /* Builder.swift */,
				E493B20E2176BF190017F931 /* Wireframe.swift */,
			);
			path = Applications;
			sourceTree = "<group>";
		};
		E493B1E72175979B0017F931 /* Views */ = {
			isa = PBXGroup;
			children = (
				DB22840921888D6D008F00F6 /* Main */,
				DB2284202188CD47008F00F6 /* Drawer */,
				E4959E1C21869A4F008778F1 /* FirstFlow */,
				E493B20A2176BD360017F931 /* Bootstrap.storyboard */,
				E493B2092176BD360017F931 /* BootstrapViewController.swift */,
				E4A6D62B217D8A6500036D27 /* Test */,
			);
			path = Views;
			sourceTree = "<group>";
		};
		E493B1F32175982B0017F931 /* Presenters */ = {
			isa = PBXGroup;
			children = (
				DB22840C21888D6D008F00F6 /* MainPresenter.swift */,
				E4959E3021869B6D008778F1 /* LaunchPresenter.swift */,
				E4959E6021874A80008778F1 /* TermsPresenter.swift */,
			);
			path = Presenters;
			sourceTree = "<group>";
		};
		E493B1F6217599450017F931 /* Entities */ = {
			isa = PBXGroup;
			children = (
				E4DCFBD4218BD12E0091B016 /* DB */,
				E4456DCC2189603D00C13172 /* AppConfig.swift */,
				E4456DCA2189601300C13172 /* CalendarSetting.swift */,
			);
			path = Entities;
			sourceTree = "<group>";
		};
		E493B1F8217599450017F931 /* Repositories */ = {
			isa = PBXGroup;
			children = (
				E4959E3221869B6D008778F1 /* LaunchRepository.swift */,
				DB22840E21888D6D008F00F6 /* MainRepository.swift */,
				E4DCFC08218FD52A0091B016 /* TemplateRepository.swift */,
				E4DCFC06218FCDAA0091B016 /* TodoRepository.swift */,
			);
			path = Repositories;
			sourceTree = "<group>";
		};
		E493B1FC217599810017F931 /* ViewComponents */ = {
			isa = PBXGroup;
			children = (
				DBC0E1452184A5ED00E26514 /* TableViewCell */,
				E48E5E47217FF5BB0072C22F /* Buttons */,
				E493B1FD217599810017F931 /* CalendarView */,
			);
			path = ViewComponents;
			sourceTree = "<group>";
		};
		E493B1FD217599810017F931 /* CalendarView */ = {
			isa = PBXGroup;
			children = (
				E493B1FE217599810017F931 /* CalendarView.swift */,
			);
			path = CalendarView;
			sourceTree = "<group>";
		};
		E493B200217599900017F931 /* Protocols */ = {
			isa = PBXGroup;
			children = (
				E493B201217599900017F931 /* Translator.swift */,
				E42F69672189A80300426E3C /* Detranslator.swift */,
				E47278BD21780F5C003DA88E /* Notifiable.swift */,
				E4A6D629217D89A600036D27 /* Anchorable.swift */,
				E4BF1A8F2180C3CB00AFBAB8 /* Configurable.swift */,
			);
			path = Protocols;
			sourceTree = "<group>";
		};
		E493B202217599900017F931 /* Extensions */ = {
			isa = PBXGroup;
			children = (
				DBB52A4A21761968009C5097 /* String+App.swift */,
				DBB52A4C21761968009C5097 /* Number+App.swift */,
				DBB52A4521761968009C5097 /* Array+App.swift */,
				DBB52A4821761968009C5097 /* CoreGraphics+App.swift */,
				DB22841E2188C288008F00F6 /* CoreGraphics+Dimension.swift */,
				DBB52A4721761968009C5097 /* Date+App.swift */,
				DBB52A4921761968009C5097 /* Directory+App.swift */,
				E4BF1A8D2180C2A200AFBAB8 /* IndexPath+App.swift */,
				DBB52A4B21761968009C5097 /* Notification+App.swift */,
				E4DC8DC62176E2F100958641 /* Codable+App.swift */,
				DBD257392184D2CC0007AC44 /* UIApplication+App.swift */,
				DB22840721876FA8008F00F6 /* UIControl+App.swift */,
				DBB52A4221761968009C5097 /* UIColor+App.swift */,
				DBB52A4621761968009C5097 /* UIImage+App.swift */,
				DBB52A4321761968009C5097 /* UIView+App.swift */,
				E495077B2181BE0500583C06 /* UITextField+App.swift */,
			);
			path = Extensions;
			sourceTree = "<group>";
		};
		E493B2112176BF890017F931 /* Utils */ = {
			isa = PBXGroup;
			children = (
				E4204014217F2DDD0036DAE0 /* Dialog */,
				E493B2122176BF890017F931 /* WireframeHelper.swift */,
				E4BF1A8421802D2F00AFBAB8 /* ApplicationLifeCycle.swift */,
				E477351321780C8F00DE3AA7 /* KeyboardManager.swift */,
				E495077D2181C38D00583C06 /* TextFieldManager.swift */,
				E420401C217F31230036DAE0 /* File.swift */,
				DBD2573B2184D7300007AC44 /* Timer.swift */,
				DB7A7B74217F8BFB0070EAEF /* AlertHelper.swift */,
			);
			path = Utils;
			sourceTree = "<group>";
		};
		E4959D5D218368B2008778F1 /* DataStores */ = {
			isa = PBXGroup;
			children = (
				E4456DBF21894D5A00C13172 /* File */,
				E4959D60218368B2008778F1 /* Networkings */,
				E4959D5E218368B2008778F1 /* Realm */,
			);
			path = DataStores;
			sourceTree = "<group>";
		};
		E4959D5E218368B2008778F1 /* Realm */ = {
			isa = PBXGroup;
			children = (
				E4959D7121848299008778F1 /* Realm.swift */,
				E4959D6F21848299008778F1 /* RealmIdentifiedObject.swift */,
				E4959D7021848299008778F1 /* RealmSwift+App.swift */,
				E4959D5F218368B2008778F1 /* NSPredicate+Realm.swift */,
			);
			path = Realm;
			sourceTree = "<group>";
		};
		E4959D60218368B2008778F1 /* Networkings */ = {
			isa = PBXGroup;
			children = (
				E4959D63218368B2008778F1 /* API */,
				E4959D61218368B2008778F1 /* WebApiAccessor.swift */,
				E4959D62218368B2008778F1 /* WebApiResponse.swift */,
				E4959D65218368B2008778F1 /* WebApiRequest.swift */,
				E4959D66218368B2008778F1 /* WebApiRequestMethod.swift */,
				E4959D67218368B2008778F1 /* WebApiError.swift */,
			);
			path = Networkings;
			sourceTree = "<group>";
		};
		E4959D63218368B2008778F1 /* API */ = {
			isa = PBXGroup;
			children = (
			);
			path = API;
			sourceTree = "<group>";
		};
		E4959E1C21869A4F008778F1 /* FirstFlow */ = {
			isa = PBXGroup;
			children = (
				E4959E2E21869B6D008778F1 /* Launch */,
				E4959E3F2186E1E9008778F1 /* Tutorial */,
				E4959E5A21874A80008778F1 /* Terms */,
			);
			path = FirstFlow;
			sourceTree = "<group>";
		};
		E4959E2E21869B6D008778F1 /* Launch */ = {
			isa = PBXGroup;
			children = (
				E4959E3421869B6D008778F1 /* Launch.storyboard */,
				E4959E3621869B6D008778F1 /* LaunchViewController.swift */,
			);
			path = Launch;
			sourceTree = "<group>";
		};
		E4959E3F2186E1E9008778F1 /* Tutorial */ = {
			isa = PBXGroup;
			children = (
				E4959E462186E1E9008778F1 /* Tutorial.storyboard */,
				E4959E442186E1E9008778F1 /* TutorialViewController.swift */,
				E4959E5421870C93008778F1 /* TutorialAdapter.swift */,
				E4959E5521870C93008778F1 /* TutorialCell.swift */,
			);
			path = Tutorial;
			sourceTree = "<group>";
		};
		E4959E5A21874A80008778F1 /* Terms */ = {
			isa = PBXGroup;
			children = (
				E4959E5E21874A80008778F1 /* Terms.storyboard */,
				E4959E5D21874A80008778F1 /* TermsViewController.swift */,
			);
			path = Terms;
			sourceTree = "<group>";
		};
		E4A6D62B217D8A6500036D27 /* Test */ = {
			isa = PBXGroup;
			children = (
				E4A6D62D217D8A6500036D27 /* Test.storyboard */,
				E4A6D62C217D8A6500036D27 /* TestViewController.swift */,
			);
			path = Test;
			sourceTree = "<group>";
		};
		E4DCFBD4218BD12E0091B016 /* DB */ = {
			isa = PBXGroup;
			children = (
				E4DCFBD5218BD12E0091B016 /* DBCalendar.swift */,
				E4DCFBDD218BD42B0091B016 /* DBDay.swift */,
				E4DCFBD6218BD12E0091B016 /* DBEvent.swift */,
				E4DCFBDB218BD42B0091B016 /* DBAsset.swift */,
				E4DCFBDF218BD42B0091B016 /* DBTodo.swift */,
				E4DCFBD9218BD42B0091B016 /* DBDiary.swift */,
				E4DCFBDA218BD42B0091B016 /* DBStickerGroup.swift */,
				E4DCFBDE218BD42B0091B016 /* DBSticker.swift */,
				E4DCFBDC218BD42B0091B016 /* DBTemplate.swift */,
			);
			path = DB;
			sourceTree = "<group>";
		};
		E4DCFBEB218C1BA00091B016 /* Enums */ = {
			isa = PBXGroup;
			children = (
				E4DCFBEC218C1BA00091B016 /* RecordStatus.swift */,
				E4DCFBEF218C1DCC0091B016 /* AssetType.swift */,
				E4DCFC02218C2B1D0091B016 /* StickerType.swift */,
				E4DCFBEE218C1DCC0091B016 /* TemplateType.swift */,
				E4DCFC04218C327F0091B016 /* TodoPriority.swift */,
			);
			path = Enums;
			sourceTree = "<group>";
		};
/* End PBXGroup section */

/* Begin PBXNativeTarget section */
		E493B1BF217593F80017F931 /* schetto */ = {
			isa = PBXNativeTarget;
			buildConfigurationList = E493B1DD217593F90017F931 /* Build configuration list for PBXNativeTarget "schetto" */;
			buildPhases = (
				F0D4161881094C3820AEFF26 /* [CP] Check Pods Manifest.lock */,
				E493B1BC217593F80017F931 /* Sources */,
				E493B1BD217593F80017F931 /* Frameworks */,
				E493B1BE217593F80017F931 /* Resources */,
				2FEF2856619DCA1E018A4466 /* [CP] Embed Pods Frameworks */,
			);
			buildRules = (
			);
			dependencies = (
			);
			name = schetto;
			productName = schetto;
			productReference = E493B1C0217593F80017F931 /* schetto.app */;
			productType = "com.apple.product-type.application";
		};
		E493B1D3217593F90017F931 /* schettoTests */ = {
			isa = PBXNativeTarget;
			buildConfigurationList = E493B1E0217593F90017F931 /* Build configuration list for PBXNativeTarget "schettoTests" */;
			buildPhases = (
				D5F6B7E0D253E828201025EE /* [CP] Check Pods Manifest.lock */,
				E493B1D0217593F90017F931 /* Sources */,
				E493B1D1217593F90017F931 /* Frameworks */,
				E493B1D2217593F90017F931 /* Resources */,
			);
			buildRules = (
			);
			dependencies = (
				E493B1D6217593F90017F931 /* PBXTargetDependency */,
			);
			name = schettoTests;
			productName = schettoTests;
			productReference = E493B1D4217593F90017F931 /* schettoTests.xctest */;
			productType = "com.apple.product-type.bundle.unit-test";
		};
/* End PBXNativeTarget section */

/* Begin PBXProject section */
		E493B1B8217593F70017F931 /* Project object */ = {
			isa = PBXProject;
			attributes = {
				LastSwiftUpdateCheck = 0940;
				LastUpgradeCheck = 0940;
				ORGANIZATIONNAME = yuichi.nakayasu;
				TargetAttributes = {
					E493B1BF217593F80017F931 = {
						CreatedOnToolsVersion = 9.4;
						SystemCapabilities = {
							com.apple.Push = {
								enabled = 0;
							};
						};
					};
					E493B1D3217593F90017F931 = {
						CreatedOnToolsVersion = 9.4;
						TestTargetID = E493B1BF217593F80017F931;
					};
				};
			};
			buildConfigurationList = E493B1BB217593F70017F931 /* Build configuration list for PBXProject "schetto" */;
			compatibilityVersion = "Xcode 9.3";
			developmentRegion = en;
			hasScannedForEncodings = 0;
			knownRegions = (
				en,
				Base,
			);
			mainGroup = E493B1B7217593F70017F931;
			productRefGroup = E493B1C1217593F80017F931 /* Products */;
			projectDirPath = "";
			projectRoot = "";
			targets = (
				E493B1BF217593F80017F931 /* schetto */,
				E493B1D3217593F90017F931 /* schettoTests */,
			);
		};
/* End PBXProject section */

/* Begin PBXResourcesBuildPhase section */
		E493B1BE217593F80017F931 /* Resources */ = {
			isa = PBXResourcesBuildPhase;
			buildActionMask = 2147483647;
			files = (
				E4959E6621874A80008778F1 /* Terms.storyboard in Resources */,
				E493B1CE217593F90017F931 /* LaunchScreen.storyboard in Resources */,
				E493B1CB217593F90017F931 /* Assets.xcassets in Resources */,
				DB22841721888D6D008F00F6 /* Main.storyboard in Resources */,
				E493B20C2176BD360017F931 /* Bootstrap.storyboard in Resources */,
				E4A6D630217D8A6500036D27 /* Test.storyboard in Resources */,
				DB2284312188CD47008F00F6 /* DrawerMenu.storyboard in Resources */,
				E4959E4E2186E1E9008778F1 /* Tutorial.storyboard in Resources */,
				E42F696B2189B99C00426E3C /* default_calendar_setting.json in Resources */,
				E4959E3C21869B6D008778F1 /* Launch.storyboard in Resources */,
			);
			runOnlyForDeploymentPostprocessing = 0;
		};
		E493B1D2217593F90017F931 /* Resources */ = {
			isa = PBXResourcesBuildPhase;
			buildActionMask = 2147483647;
			files = (
			);
			runOnlyForDeploymentPostprocessing = 0;
		};
/* End PBXResourcesBuildPhase section */

/* Begin PBXShellScriptBuildPhase section */
		2FEF2856619DCA1E018A4466 /* [CP] Embed Pods Frameworks */ = {
			isa = PBXShellScriptBuildPhase;
			buildActionMask = 2147483647;
			files = (
			);
			inputPaths = (
				"${SRCROOT}/Pods/Target Support Files/Pods-schetto/Pods-schetto-frameworks.sh",
				"${BUILT_PRODUCTS_DIR}/Alamofire/Alamofire.framework",
				"${BUILT_PRODUCTS_DIR}/AlamofireImage/AlamofireImage.framework",
				"${BUILT_PRODUCTS_DIR}/Realm/Realm.framework",
				"${BUILT_PRODUCTS_DIR}/RealmSwift/RealmSwift.framework",
			);
			name = "[CP] Embed Pods Frameworks";
			outputPaths = (
				"${TARGET_BUILD_DIR}/${FRAMEWORKS_FOLDER_PATH}/Alamofire.framework",
				"${TARGET_BUILD_DIR}/${FRAMEWORKS_FOLDER_PATH}/AlamofireImage.framework",
				"${TARGET_BUILD_DIR}/${FRAMEWORKS_FOLDER_PATH}/Realm.framework",
				"${TARGET_BUILD_DIR}/${FRAMEWORKS_FOLDER_PATH}/RealmSwift.framework",
			);
			runOnlyForDeploymentPostprocessing = 0;
			shellPath = /bin/sh;
			shellScript = "\"${SRCROOT}/Pods/Target Support Files/Pods-schetto/Pods-schetto-frameworks.sh\"\n";
			showEnvVarsInLog = 0;
		};
		D5F6B7E0D253E828201025EE /* [CP] Check Pods Manifest.lock */ = {
			isa = PBXShellScriptBuildPhase;
			buildActionMask = 2147483647;
			files = (
			);
			inputPaths = (
				"${PODS_PODFILE_DIR_PATH}/Podfile.lock",
				"${PODS_ROOT}/Manifest.lock",
			);
			name = "[CP] Check Pods Manifest.lock";
			outputPaths = (
				"$(DERIVED_FILE_DIR)/Pods-schettoTests-checkManifestLockResult.txt",
			);
			runOnlyForDeploymentPostprocessing = 0;
			shellPath = /bin/sh;
			shellScript = "diff \"${PODS_PODFILE_DIR_PATH}/Podfile.lock\" \"${PODS_ROOT}/Manifest.lock\" > /dev/null\nif [ $? != 0 ] ; then\n    # print error to STDERR\n    echo \"error: The sandbox is not in sync with the Podfile.lock. Run 'pod install' or update your CocoaPods installation.\" >&2\n    exit 1\nfi\n# This output is used by Xcode 'outputs' to avoid re-running this script phase.\necho \"SUCCESS\" > \"${SCRIPT_OUTPUT_FILE_0}\"\n";
			showEnvVarsInLog = 0;
		};
		F0D4161881094C3820AEFF26 /* [CP] Check Pods Manifest.lock */ = {
			isa = PBXShellScriptBuildPhase;
			buildActionMask = 2147483647;
			files = (
			);
			inputPaths = (
				"${PODS_PODFILE_DIR_PATH}/Podfile.lock",
				"${PODS_ROOT}/Manifest.lock",
			);
			name = "[CP] Check Pods Manifest.lock";
			outputPaths = (
				"$(DERIVED_FILE_DIR)/Pods-schetto-checkManifestLockResult.txt",
			);
			runOnlyForDeploymentPostprocessing = 0;
			shellPath = /bin/sh;
			shellScript = "diff \"${PODS_PODFILE_DIR_PATH}/Podfile.lock\" \"${PODS_ROOT}/Manifest.lock\" > /dev/null\nif [ $? != 0 ] ; then\n    # print error to STDERR\n    echo \"error: The sandbox is not in sync with the Podfile.lock. Run 'pod install' or update your CocoaPods installation.\" >&2\n    exit 1\nfi\n# This output is used by Xcode 'outputs' to avoid re-running this script phase.\necho \"SUCCESS\" > \"${SCRIPT_OUTPUT_FILE_0}\"\n";
			showEnvVarsInLog = 0;
		};
/* End PBXShellScriptBuildPhase section */

/* Begin PBXSourcesBuildPhase section */
		E493B1BC217593F80017F931 /* Sources */ = {
			isa = PBXSourcesBuildPhase;
			buildActionMask = 2147483647;
			files = (
				DB22841821888D6D008F00F6 /* MainRepository.swift in Sources */,
				E4BF1A872180361700AFBAB8 /* Application.swift in Sources */,
				E4456DCD2189603D00C13172 /* AppConfig.swift in Sources */,
				E4BF1A902180C3CB00AFBAB8 /* Configurable.swift in Sources */,
				DBB52A4D21761968009C5097 /* UIColor+App.swift in Sources */,
				E4DCFBE0218BD42B0091B016 /* DBDiary.swift in Sources */,
				E4BF1A8521802D2F00AFBAB8 /* ApplicationLifeCycle.swift in Sources */,
				DBB52A5721761968009C5097 /* Number+App.swift in Sources */,
				DB2284322188CD47008F00F6 /* DrawerMenuViewController.swift in Sources */,
				E48E5E49217FF5BB0072C22F /* ClearButton.swift in Sources */,
				E4DCFBE3218BD42B0091B016 /* DBTemplate.swift in Sources */,
				E42F69662189A3EA00426E3C /* CalendarThemeModel.swift in Sources */,
				E4BF1A8B2180685E00AFBAB8 /* PushNotification.swift in Sources */,
				DB22841521888D6D008F00F6 /* MainViewController.swift in Sources */,
				E4BF1A892180445700AFBAB8 /* main.swift in Sources */,
				E4DCFC00218C26310091B016 /* TodoModel.swift in Sources */,
				DBB52A5221761968009C5097 /* Date+App.swift in Sources */,
				E4456DC821895FCC00C13172 /* CalendarSettingModel.swift in Sources */,
				DBB52A5621761968009C5097 /* Notification+App.swift in Sources */,
				E4DC8DC72176E2F100958641 /* Codable+App.swift in Sources */,
				E4DCFBFF218C26310091B016 /* TemplateModel.swift in Sources */,
				E4DCFBFB218C26310091B016 /* DiaryModel.swift in Sources */,
				E4959E6821874A80008778F1 /* TermsPresenter.swift in Sources */,
				E493B204217599900017F931 /* Translator.swift in Sources */,
				E4959E6521874A80008778F1 /* TermsViewController.swift in Sources */,
				DB2284302188CD47008F00F6 /* DrawerMenuAdapter.swift in Sources */,
				E420401D217F31230036DAE0 /* File.swift in Sources */,
				E4DCFBF1218C1DCC0091B016 /* AssetType.swift in Sources */,
				E4959D69218368B3008778F1 /* WebApiAccessor.swift in Sources */,
				E4DCFC03218C2B1D0091B016 /* StickerType.swift in Sources */,
				E4959E5621870C93008778F1 /* TutorialAdapter.swift in Sources */,
				DBB52A5421761968009C5097 /* Directory+App.swift in Sources */,
				DBB52A4E21761968009C5097 /* UIView+App.swift in Sources */,
				E495077C2181BE0500583C06 /* UITextField+App.swift in Sources */,
				DBC0E1472184A5ED00E26514 /* UnhighlightCell.swift in Sources */,
				DB22841921888D6D008F00F6 /* MainAdapter.swift in Sources */,
				E4959D68218368B3008778F1 /* NSPredicate+Realm.swift in Sources */,
				DB22841F2188C288008F00F6 /* CoreGraphics+Dimension.swift in Sources */,
				E4456DC321894DDB00C13172 /* File+Definition.swift in Sources */,
				E4F86E1E21815261003C0CD0 /* DialogBottomDrawBehavior.swift in Sources */,
				E4F86E1D21815261003C0CD0 /* DialogZoomBehavior.swift in Sources */,
				DBB52A5521761968009C5097 /* String+App.swift in Sources */,
				E4DCFBFD218C26310091B016 /* StickerGroupModel.swift in Sources */,
				E4F86E1F21815261003C0CD0 /* DialogNoneBehavior.swift in Sources */,
				DB22840621876E09008F00F6 /* Font+Definition.swift in Sources */,
				E4959D6C218368B3008778F1 /* WebApiRequest.swift in Sources */,
				DB22842E2188CD47008F00F6 /* DrawerMenuCell.swift in Sources */,
				E4DCFBFC218C26310091B016 /* EventModel.swift in Sources */,
				DB7A7B75217F8BFB0070EAEF /* AlertHelper.swift in Sources */,
				E4DCFBE4218BD42B0091B016 /* DBDay.swift in Sources */,
				E4DCFBF0218C1DCC0091B016 /* TemplateType.swift in Sources */,
				E4959D7321848299008778F1 /* RealmSwift+App.swift in Sources */,
				E4959E3A21869B6D008778F1 /* LaunchRepository.swift in Sources */,
				E4DCFC07218FCDAB0091B016 /* TodoRepository.swift in Sources */,
				DBB52A5121761968009C5097 /* UIImage+App.swift in Sources */,
				DB154CAC2189E6570092791F /* DrawerMenuItem.swift in Sources */,
				E4959D7421848299008778F1 /* Realm.swift in Sources */,
				E47278BE21780F5C003DA88E /* Notifiable.swift in Sources */,
				E4959E3821869B6D008778F1 /* LaunchPresenter.swift in Sources */,
				E4DCFBE8218C1B0E0091B016 /* TodoTranslator.swift in Sources */,
				E4DCFC05218C327F0091B016 /* TodoPriority.swift in Sources */,
				E4F86E2021815261003C0CD0 /* DialogLeftDrawBehavior.swift in Sources */,
				E4DCFC09218FD52A0091B016 /* TemplateRepository.swift in Sources */,
				E495077E2181C38D00583C06 /* TextFieldManager.swift in Sources */,
				DB0455E7218767FD003902B8 /* Button.swift in Sources */,
				E4DCFBE5218BD42B0091B016 /* DBSticker.swift in Sources */,
				E4DCFBFE218C26310091B016 /* DayModel.swift in Sources */,
				E42F69642189A32B00426E3C /* CalendarSettingTranslator.swift in Sources */,
				E4BF1A8E2180C2A200AFBAB8 /* IndexPath+App.swift in Sources */,
				E4DCFBED218C1BA00091B016 /* RecordStatus.swift in Sources */,
				E4DCFBEA218C1B360091B016 /* CalendarModel.swift in Sources */,
				E493B1FF217599810017F931 /* CalendarView.swift in Sources */,
				E4DCFBE6218BD42B0091B016 /* DBTodo.swift in Sources */,
				DBB52A5321761968009C5097 /* CoreGraphics+App.swift in Sources */,
				E4F86E1C21815261003C0CD0 /* DialogFadeBehavior.swift in Sources */,
				E4959E5721870C93008778F1 /* TutorialCell.swift in Sources */,
				E4456DC121894D5A00C13172 /* Json.swift in Sources */,
				DBB52A5021761968009C5097 /* Array+App.swift in Sources */,
				E493B2102176BF190017F931 /* Wireframe.swift in Sources */,
				E493B1E6217595370017F931 /* AppDelegate.swift in Sources */,
				E477351421780C8F00DE3AA7 /* KeyboardManager.swift in Sources */,
				E4DCFBE2218BD42B0091B016 /* DBAsset.swift in Sources */,
				E4A6D62F217D8A6500036D27 /* TestViewController.swift in Sources */,
				E4456DCB2189601300C13172 /* CalendarSetting.swift in Sources */,
				E493B20B2176BD360017F931 /* BootstrapViewController.swift in Sources */,
				E4DCFBE1218BD42B0091B016 /* DBStickerGroup.swift in Sources */,
				E4959D7221848299008778F1 /* RealmIdentifiedObject.swift in Sources */,
				E4DCFBD7218BD12E0091B016 /* DBCalendar.swift in Sources */,
				DBD2573A2184D2CC0007AC44 /* UIApplication+App.swift in Sources */,
				DBD2573C2184D7300007AC44 /* Timer.swift in Sources */,
				E493B2132176BF890017F931 /* WireframeHelper.swift in Sources */,
				E4959D6A218368B3008778F1 /* WebApiResponse.swift in Sources */,
				E4959E3E21869B6D008778F1 /* LaunchViewController.swift in Sources */,
				E493B20F2176BF190017F931 /* Builder.swift in Sources */,
				E4DCFBD8218BD12E0091B016 /* DBEvent.swift in Sources */,
				E42F69682189A80300426E3C /* Detranslator.swift in Sources */,
				E420401A217F2DDD0036DAE0 /* DialogRightDrawBehavior.swift in Sources */,
				E420401B217F2DDD0036DAE0 /* DialogRiseupBehavior.swift in Sources */,
				DB0455E921876B9A003902B8 /* Color+Definition.swift in Sources */,
				E4A6D62A217D89A600036D27 /* Anchorable.swift in Sources */,
				E4959E4C2186E1E9008778F1 /* TutorialViewController.swift in Sources */,
				E4959D6D218368B3008778F1 /* WebApiRequestMethod.swift in Sources */,
				E4DCFC01218C26310091B016 /* AssetModel.swift in Sources */,
				DB22841621888D6D008F00F6 /* MainPresenter.swift in Sources */,
				E4959D6E218368B3008778F1 /* WebApiError.swift in Sources */,
				DB22840821876FA8008F00F6 /* UIControl+App.swift in Sources */,
				E4DCFBFA218C26310091B016 /* StickerModel.swift in Sources */,
				E4204019217F2DDD0036DAE0 /* Dialog.swift in Sources */,
				DB22841D21888D6D008F00F6 /* MainCell.swift in Sources */,
			);
			runOnlyForDeploymentPostprocessing = 0;
		};
		E493B1D0217593F90017F931 /* Sources */ = {
			isa = PBXSourcesBuildPhase;
			buildActionMask = 2147483647;
			files = (
				DBB52A5B2176379B009C5097 /* NumberExtensionTests.swift in Sources */,
				DBB52A5D217647FE009C5097 /* CoreGraphicsExtensionTests.swift in Sources */,
				E43EFDA92178869800EBDEED /* StringSubstringTests.swift in Sources */,
				DB780DC0217E0E0E00E0F1D0 /* DateTests.swift in Sources */,
				DBB52A5921761C1D009C5097 /* ArrayExtensionTests.swift in Sources */,
				DB7AD9EF217F60DE001243C3 /* FileTests.swift in Sources */,
				E4DC8DCB2176EC3400958641 /* StringExtensionTests.swift in Sources */,
				E4DC8DC52176D8AD00958641 /* UIColorExtensionTests.swift in Sources */,
			);
			runOnlyForDeploymentPostprocessing = 0;
		};
/* End PBXSourcesBuildPhase section */

/* Begin PBXTargetDependency section */
		E493B1D6217593F90017F931 /* PBXTargetDependency */ = {
			isa = PBXTargetDependency;
			target = E493B1BF217593F80017F931 /* schetto */;
			targetProxy = E493B1D5217593F90017F931 /* PBXContainerItemProxy */;
		};
/* End PBXTargetDependency section */

/* Begin PBXVariantGroup section */
		E493B1CC217593F90017F931 /* LaunchScreen.storyboard */ = {
			isa = PBXVariantGroup;
			children = (
				E493B1CD217593F90017F931 /* Base */,
			);
			name = LaunchScreen.storyboard;
			sourceTree = "<group>";
		};
/* End PBXVariantGroup section */

/* Begin XCBuildConfiguration section */
		E493B1DB217593F90017F931 /* Debug */ = {
			isa = XCBuildConfiguration;
			buildSettings = {
				ALWAYS_SEARCH_USER_PATHS = NO;
				CLANG_ANALYZER_NONNULL = YES;
				CLANG_ANALYZER_NUMBER_OBJECT_CONVERSION = YES_AGGRESSIVE;
				CLANG_CXX_LANGUAGE_STANDARD = "gnu++14";
				CLANG_CXX_LIBRARY = "libc++";
				CLANG_ENABLE_MODULES = YES;
				CLANG_ENABLE_OBJC_ARC = YES;
				CLANG_ENABLE_OBJC_WEAK = YES;
				CLANG_WARN_BLOCK_CAPTURE_AUTORELEASING = YES;
				CLANG_WARN_BOOL_CONVERSION = YES;
				CLANG_WARN_COMMA = YES;
				CLANG_WARN_CONSTANT_CONVERSION = YES;
				CLANG_WARN_DEPRECATED_OBJC_IMPLEMENTATIONS = YES;
				CLANG_WARN_DIRECT_OBJC_ISA_USAGE = YES_ERROR;
				CLANG_WARN_DOCUMENTATION_COMMENTS = YES;
				CLANG_WARN_EMPTY_BODY = YES;
				CLANG_WARN_ENUM_CONVERSION = YES;
				CLANG_WARN_INFINITE_RECURSION = YES;
				CLANG_WARN_INT_CONVERSION = YES;
				CLANG_WARN_NON_LITERAL_NULL_CONVERSION = YES;
				CLANG_WARN_OBJC_IMPLICIT_RETAIN_SELF = YES;
				CLANG_WARN_OBJC_LITERAL_CONVERSION = YES;
				CLANG_WARN_OBJC_ROOT_CLASS = YES_ERROR;
				CLANG_WARN_RANGE_LOOP_ANALYSIS = YES;
				CLANG_WARN_STRICT_PROTOTYPES = YES;
				CLANG_WARN_SUSPICIOUS_MOVE = YES;
				CLANG_WARN_UNGUARDED_AVAILABILITY = YES_AGGRESSIVE;
				CLANG_WARN_UNREACHABLE_CODE = YES;
				CLANG_WARN__DUPLICATE_METHOD_MATCH = YES;
				CODE_SIGN_IDENTITY = "iPhone Developer";
				COPY_PHASE_STRIP = NO;
				DEBUG_INFORMATION_FORMAT = dwarf;
				ENABLE_STRICT_OBJC_MSGSEND = YES;
				ENABLE_TESTABILITY = YES;
				GCC_C_LANGUAGE_STANDARD = gnu11;
				GCC_DYNAMIC_NO_PIC = NO;
				GCC_NO_COMMON_BLOCKS = YES;
				GCC_OPTIMIZATION_LEVEL = 0;
				GCC_PREPROCESSOR_DEFINITIONS = (
					"DEBUG=1",
					"$(inherited)",
				);
				GCC_WARN_64_TO_32_BIT_CONVERSION = YES;
				GCC_WARN_ABOUT_RETURN_TYPE = YES_ERROR;
				GCC_WARN_UNDECLARED_SELECTOR = YES;
				GCC_WARN_UNINITIALIZED_AUTOS = YES_AGGRESSIVE;
				GCC_WARN_UNUSED_FUNCTION = YES;
				GCC_WARN_UNUSED_VARIABLE = YES;
				IPHONEOS_DEPLOYMENT_TARGET = 11.4;
				MTL_ENABLE_DEBUG_INFO = YES;
				ONLY_ACTIVE_ARCH = YES;
				SDKROOT = iphoneos;
				SWIFT_ACTIVE_COMPILATION_CONDITIONS = DEBUG;
				SWIFT_OPTIMIZATION_LEVEL = "-Onone";
			};
			name = Debug;
		};
		E493B1DC217593F90017F931 /* Release */ = {
			isa = XCBuildConfiguration;
			buildSettings = {
				ALWAYS_SEARCH_USER_PATHS = NO;
				CLANG_ANALYZER_NONNULL = YES;
				CLANG_ANALYZER_NUMBER_OBJECT_CONVERSION = YES_AGGRESSIVE;
				CLANG_CXX_LANGUAGE_STANDARD = "gnu++14";
				CLANG_CXX_LIBRARY = "libc++";
				CLANG_ENABLE_MODULES = YES;
				CLANG_ENABLE_OBJC_ARC = YES;
				CLANG_ENABLE_OBJC_WEAK = YES;
				CLANG_WARN_BLOCK_CAPTURE_AUTORELEASING = YES;
				CLANG_WARN_BOOL_CONVERSION = YES;
				CLANG_WARN_COMMA = YES;
				CLANG_WARN_CONSTANT_CONVERSION = YES;
				CLANG_WARN_DEPRECATED_OBJC_IMPLEMENTATIONS = YES;
				CLANG_WARN_DIRECT_OBJC_ISA_USAGE = YES_ERROR;
				CLANG_WARN_DOCUMENTATION_COMMENTS = YES;
				CLANG_WARN_EMPTY_BODY = YES;
				CLANG_WARN_ENUM_CONVERSION = YES;
				CLANG_WARN_INFINITE_RECURSION = YES;
				CLANG_WARN_INT_CONVERSION = YES;
				CLANG_WARN_NON_LITERAL_NULL_CONVERSION = YES;
				CLANG_WARN_OBJC_IMPLICIT_RETAIN_SELF = YES;
				CLANG_WARN_OBJC_LITERAL_CONVERSION = YES;
				CLANG_WARN_OBJC_ROOT_CLASS = YES_ERROR;
				CLANG_WARN_RANGE_LOOP_ANALYSIS = YES;
				CLANG_WARN_STRICT_PROTOTYPES = YES;
				CLANG_WARN_SUSPICIOUS_MOVE = YES;
				CLANG_WARN_UNGUARDED_AVAILABILITY = YES_AGGRESSIVE;
				CLANG_WARN_UNREACHABLE_CODE = YES;
				CLANG_WARN__DUPLICATE_METHOD_MATCH = YES;
				CODE_SIGN_IDENTITY = "iPhone Developer";
				COPY_PHASE_STRIP = NO;
				DEBUG_INFORMATION_FORMAT = "dwarf-with-dsym";
				ENABLE_NS_ASSERTIONS = NO;
				ENABLE_STRICT_OBJC_MSGSEND = YES;
				GCC_C_LANGUAGE_STANDARD = gnu11;
				GCC_NO_COMMON_BLOCKS = YES;
				GCC_WARN_64_TO_32_BIT_CONVERSION = YES;
				GCC_WARN_ABOUT_RETURN_TYPE = YES_ERROR;
				GCC_WARN_UNDECLARED_SELECTOR = YES;
				GCC_WARN_UNINITIALIZED_AUTOS = YES_AGGRESSIVE;
				GCC_WARN_UNUSED_FUNCTION = YES;
				GCC_WARN_UNUSED_VARIABLE = YES;
				IPHONEOS_DEPLOYMENT_TARGET = 11.4;
				MTL_ENABLE_DEBUG_INFO = NO;
				SDKROOT = iphoneos;
				SWIFT_COMPILATION_MODE = wholemodule;
				SWIFT_OPTIMIZATION_LEVEL = "-O";
				VALIDATE_PRODUCT = YES;
			};
			name = Release;
		};
		E493B1DE217593F90017F931 /* Debug */ = {
			isa = XCBuildConfiguration;
			baseConfigurationReference = 04279A0610D1FBE86B8892A7 /* Pods-schetto.debug.xcconfig */;
			buildSettings = {
				ASSETCATALOG_COMPILER_APPICON_NAME = AppIcon;
				CODE_SIGN_STYLE = Automatic;
				DEVELOPMENT_TEAM = K75PB9VKYT;
				INFOPLIST_FILE = schetto/Info.plist;
				IPHONEOS_DEPLOYMENT_TARGET = 11.0;
				LD_RUNPATH_SEARCH_PATHS = (
					"$(inherited)",
					"@executable_path/Frameworks",
				);
				PRODUCT_BUNDLE_IDENTIFIER = jp.classmethod.yuichi.nakayasu.schetto;
				PRODUCT_NAME = "$(TARGET_NAME)";
				SWIFT_VERSION = 4.0;
				TARGETED_DEVICE_FAMILY = 1;
			};
			name = Debug;
		};
		E493B1DF217593F90017F931 /* Release */ = {
			isa = XCBuildConfiguration;
			baseConfigurationReference = 026BEB29E289B49409FAE8F0 /* Pods-schetto.release.xcconfig */;
			buildSettings = {
				ASSETCATALOG_COMPILER_APPICON_NAME = AppIcon;
				CODE_SIGN_STYLE = Automatic;
				DEVELOPMENT_TEAM = K75PB9VKYT;
				INFOPLIST_FILE = schetto/Info.plist;
				IPHONEOS_DEPLOYMENT_TARGET = 11.0;
				LD_RUNPATH_SEARCH_PATHS = (
					"$(inherited)",
					"@executable_path/Frameworks",
				);
				PRODUCT_BUNDLE_IDENTIFIER = jp.classmethod.yuichi.nakayasu.schetto;
				PRODUCT_NAME = "$(TARGET_NAME)";
				SWIFT_VERSION = 4.0;
				TARGETED_DEVICE_FAMILY = 1;
			};
			name = Release;
		};
		E493B1E1217593F90017F931 /* Debug */ = {
			isa = XCBuildConfiguration;
			baseConfigurationReference = 1420686342C19967B859D22B /* Pods-schettoTests.debug.xcconfig */;
			buildSettings = {
				ALWAYS_EMBED_SWIFT_STANDARD_LIBRARIES = YES;
				BUNDLE_LOADER = "$(TEST_HOST)";
				CODE_SIGN_STYLE = Automatic;
				DEVELOPMENT_TEAM = E62W3VPGQ5;
				INFOPLIST_FILE = schettoTests/Info.plist;
				LD_RUNPATH_SEARCH_PATHS = (
					"$(inherited)",
					"@executable_path/Frameworks",
					"@loader_path/Frameworks",
				);
				PRODUCT_BUNDLE_IDENTIFIER = jp.classmethod.yuichi.nakayasu.schettoTests;
				PRODUCT_NAME = "$(TARGET_NAME)";
				SWIFT_VERSION = 4.0;
				TARGETED_DEVICE_FAMILY = "1,2";
				TEST_HOST = "$(BUILT_PRODUCTS_DIR)/schetto.app/schetto";
			};
			name = Debug;
		};
		E493B1E2217593F90017F931 /* Release */ = {
			isa = XCBuildConfiguration;
			baseConfigurationReference = 7AC74EB13AEB92F1275AE480 /* Pods-schettoTests.release.xcconfig */;
			buildSettings = {
				ALWAYS_EMBED_SWIFT_STANDARD_LIBRARIES = YES;
				BUNDLE_LOADER = "$(TEST_HOST)";
				CODE_SIGN_STYLE = Automatic;
				DEVELOPMENT_TEAM = E62W3VPGQ5;
				INFOPLIST_FILE = schettoTests/Info.plist;
				LD_RUNPATH_SEARCH_PATHS = (
					"$(inherited)",
					"@executable_path/Frameworks",
					"@loader_path/Frameworks",
				);
				PRODUCT_BUNDLE_IDENTIFIER = jp.classmethod.yuichi.nakayasu.schettoTests;
				PRODUCT_NAME = "$(TARGET_NAME)";
				SWIFT_VERSION = 4.0;
				TARGETED_DEVICE_FAMILY = "1,2";
				TEST_HOST = "$(BUILT_PRODUCTS_DIR)/schetto.app/schetto";
			};
			name = Release;
		};
/* End XCBuildConfiguration section */

/* Begin XCConfigurationList section */
		E493B1BB217593F70017F931 /* Build configuration list for PBXProject "schetto" */ = {
			isa = XCConfigurationList;
			buildConfigurations = (
				E493B1DB217593F90017F931 /* Debug */,
				E493B1DC217593F90017F931 /* Release */,
			);
			defaultConfigurationIsVisible = 0;
			defaultConfigurationName = Release;
		};
		E493B1DD217593F90017F931 /* Build configuration list for PBXNativeTarget "schetto" */ = {
			isa = XCConfigurationList;
			buildConfigurations = (
				E493B1DE217593F90017F931 /* Debug */,
				E493B1DF217593F90017F931 /* Release */,
			);
			defaultConfigurationIsVisible = 0;
			defaultConfigurationName = Release;
		};
		E493B1E0217593F90017F931 /* Build configuration list for PBXNativeTarget "schettoTests" */ = {
			isa = XCConfigurationList;
			buildConfigurations = (
				E493B1E1217593F90017F931 /* Debug */,
				E493B1E2217593F90017F931 /* Release */,
			);
			defaultConfigurationIsVisible = 0;
			defaultConfigurationName = Release;
		};
/* End XCConfigurationList section */
	};
	rootObject = E493B1B8217593F70017F931 /* Project object */;
}
